// !$*UTF8*$!
{
	archiveVersion = 1;
	classes = {
	};
	objectVersion = 77;
	objects = {

/* Begin PBXBuildFile section */
		145E0F852E9C0F5B00CE6C97 /* TeleVisionTests.swift in Sources */ = {isa = PBXBuildFile; fileRef = 145E0F832E9C0F5B00CE6C97 /* TeleVisionTests.swift */; };
		146F102D2EA3AD1500DDDC35 /* HippoAssets in Frameworks */ = {isa = PBXBuildFile; productRef = 146F102C2EA3AD1500DDDC35 /* HippoAssets */; };
		146F102F2EA3AF1000DDDC35 /* PatientListView.swift in Sources */ = {isa = PBXBuildFile; fileRef = 146F102E2EA3AF1000DDDC35 /* PatientListView.swift */; };
		146F10302EA3AF1000DDDC35 /* PatientListView.swift in Sources */ = {isa = PBXBuildFile; fileRef = 146F102E2EA3AF1000DDDC35 /* PatientListView.swift */; };
		146F10312EA3AF2D00DDDC35 /* PatientListView.swift in Sources */ = {isa = PBXBuildFile; fileRef = 146F102E2EA3AF1000DDDC35 /* PatientListView.swift */; };
		C02FFA722E9FFF6F00F16742 /* ContentView.swift in Sources */ = {isa = PBXBuildFile; fileRef = C02FFA532E9FFF6F00F16742 /* ContentView.swift */; };
		C02FFA752E9FFF6F00F16742 /* HippoVisionApp.swift in Sources */ = {isa = PBXBuildFile; fileRef = C02FFA4F2E9FFF6F00F16742 /* HippoVisionApp.swift */; };
		C02FFA762E9FFF6F00F16742 /* HippoMacApp.swift in Sources */ = {isa = PBXBuildFile; fileRef = C02FFA4C2E9FFF6F00F16742 /* HippoMacApp.swift */; };
		C02FFA792E9FFF6F00F16742 /* AppModel.swift in Sources */ = {isa = PBXBuildFile; fileRef = C02FFA6A2E9FFF6F00F16742 /* AppModel.swift */; };
		C02FFA802E9FFF6F00F16742 /* ContentView.swift in Sources */ = {isa = PBXBuildFile; fileRef = C02FFA532E9FFF6F00F16742 /* ContentView.swift */; };
		C02FFA842E9FFF6F00F16742 /* HippoMacApp.swift in Sources */ = {isa = PBXBuildFile; fileRef = C02FFA4C2E9FFF6F00F16742 /* HippoMacApp.swift */; };
		C02FFA872E9FFF6F00F16742 /* AppModel.swift in Sources */ = {isa = PBXBuildFile; fileRef = C02FFA6A2E9FFF6F00F16742 /* AppModel.swift */; };
		C02FFA8D2E9FFF6F00F16742 /* MacAssets.xcassets in Resources */ = {isa = PBXBuildFile; fileRef = C02FFA5A2E9FFF6F00F16742 /* MacAssets.xcassets */; };
		C02FFA932E9FFF6F00F16742 /* VisionAssets.xcassets in Resources */ = {isa = PBXBuildFile; fileRef = C02FFA5B2E9FFF6F00F16742 /* VisionAssets.xcassets */; };
		C02FFA992E9FFF6F00F16742 /* HippoVisionApp.swift in Sources */ = {isa = PBXBuildFile; fileRef = C02FFA4F2E9FFF6F00F16742 /* HippoVisionApp.swift */; };
		C02FFA9D2E9FFF6F00F16742 /* AppModel.swift in Sources */ = {isa = PBXBuildFile; fileRef = C02FFA6A2E9FFF6F00F16742 /* AppModel.swift */; };
		C04677B92EA006FB00D160DA /* Dependencies in Frameworks */ = {isa = PBXBuildFile; productRef = C04677B82EA006FB00D160DA /* Dependencies */; };
		C04677BB2EA006FB00D160DA /* DependenciesTestSupport in Frameworks */ = {isa = PBXBuildFile; productRef = C04677BA2EA006FB00D160DA /* DependenciesTestSupport */; };
		C04677BD2EA0070D00D160DA /* Dependencies in Frameworks */ = {isa = PBXBuildFile; productRef = C04677BC2EA0070D00D160DA /* Dependencies */; };
		C04678042EA00B1F00D160DA /* DeletePatient.swift in Sources */ = {isa = PBXBuildFile; fileRef = C04677FA2EA00B1F00D160DA /* DeletePatient.swift */; };
		C04678082EA00B1F00D160DA /* Patient.swift in Sources */ = {isa = PBXBuildFile; fileRef = C04677F42EA00B1F00D160DA /* Patient.swift */; };
		C046780B2EA00B1F00D160DA /* GetPatient.swift in Sources */ = {isa = PBXBuildFile; fileRef = C04677FB2EA00B1F00D160DA /* GetPatient.swift */; };
		C046780C2EA00B1F00D160DA /* ListPatients.swift in Sources */ = {isa = PBXBuildFile; fileRef = C04677FC2EA00B1F00D160DA /* ListPatients.swift */; };
		C046780D2EA00B1F00D160DA /* PatientRepository.swift in Sources */ = {isa = PBXBuildFile; fileRef = C04677F62EA00B1F00D160DA /* PatientRepository.swift */; };
		C04678102EA00B1F00D160DA /* DeletePatient.swift in Sources */ = {isa = PBXBuildFile; fileRef = C04677FA2EA00B1F00D160DA /* DeletePatient.swift */; };
		C04678142EA00B1F00D160DA /* Patient.swift in Sources */ = {isa = PBXBuildFile; fileRef = C04677F42EA00B1F00D160DA /* Patient.swift */; };
		C04678172EA00B1F00D160DA /* GetPatient.swift in Sources */ = {isa = PBXBuildFile; fileRef = C04677FB2EA00B1F00D160DA /* GetPatient.swift */; };
		C04678182EA00B1F00D160DA /* ListPatients.swift in Sources */ = {isa = PBXBuildFile; fileRef = C04677FC2EA00B1F00D160DA /* ListPatients.swift */; };
		C04678192EA00B1F00D160DA /* PatientRepository.swift in Sources */ = {isa = PBXBuildFile; fileRef = C04677F62EA00B1F00D160DA /* PatientRepository.swift */; };
		C046781C2EA00B1F00D160DA /* DeletePatient.swift in Sources */ = {isa = PBXBuildFile; fileRef = C04677FA2EA00B1F00D160DA /* DeletePatient.swift */; };
		C04678202EA00B1F00D160DA /* Patient.swift in Sources */ = {isa = PBXBuildFile; fileRef = C04677F42EA00B1F00D160DA /* Patient.swift */; };
		C04678232EA00B1F00D160DA /* GetPatient.swift in Sources */ = {isa = PBXBuildFile; fileRef = C04677FB2EA00B1F00D160DA /* GetPatient.swift */; };
		C04678242EA00B1F00D160DA /* ListPatients.swift in Sources */ = {isa = PBXBuildFile; fileRef = C04677FC2EA00B1F00D160DA /* ListPatients.swift */; };
		C04678252EA00B1F00D160DA /* PatientRepository.swift in Sources */ = {isa = PBXBuildFile; fileRef = C04677F62EA00B1F00D160DA /* PatientRepository.swift */; };
		C046782F2EA00B3A00D160DA /* PatientRepositoryImpl.swift in Sources */ = {isa = PBXBuildFile; fileRef = C046782C2EA00B3A00D160DA /* PatientRepositoryImpl.swift */; };
		C04678302EA00B3A00D160DA /* PatientRemoteDataSource.swift in Sources */ = {isa = PBXBuildFile; fileRef = C04678282EA00B3A00D160DA /* PatientRemoteDataSource.swift */; };
		C04678322EA00B3A00D160DA /* PatientRepositoryImpl.swift in Sources */ = {isa = PBXBuildFile; fileRef = C046782C2EA00B3A00D160DA /* PatientRepositoryImpl.swift */; };
		C04678332EA00B3A00D160DA /* PatientRemoteDataSource.swift in Sources */ = {isa = PBXBuildFile; fileRef = C04678282EA00B3A00D160DA /* PatientRemoteDataSource.swift */; };
		C04678352EA00B3A00D160DA /* PatientRepositoryImpl.swift in Sources */ = {isa = PBXBuildFile; fileRef = C046782C2EA00B3A00D160DA /* PatientRepositoryImpl.swift */; };
		C04678362EA00B3A00D160DA /* PatientRemoteDataSource.swift in Sources */ = {isa = PBXBuildFile; fileRef = C04678282EA00B3A00D160DA /* PatientRemoteDataSource.swift */; };
		C046783B2EA00B4A00D160DA /* PatientState.swift in Sources */ = {isa = PBXBuildFile; fileRef = C04678382EA00B4A00D160DA /* PatientState.swift */; };
		C046783C2EA00B4A00D160DA /* PatientViewModel.swift in Sources */ = {isa = PBXBuildFile; fileRef = C04678392EA00B4A00D160DA /* PatientViewModel.swift */; };
		C046783D2EA00B4A00D160DA /* PatientState.swift in Sources */ = {isa = PBXBuildFile; fileRef = C04678382EA00B4A00D160DA /* PatientState.swift */; };
		C046783E2EA00B4A00D160DA /* PatientViewModel.swift in Sources */ = {isa = PBXBuildFile; fileRef = C04678392EA00B4A00D160DA /* PatientViewModel.swift */; };
		C046783F2EA00B4A00D160DA /* PatientState.swift in Sources */ = {isa = PBXBuildFile; fileRef = C04678382EA00B4A00D160DA /* PatientState.swift */; };
		C04678402EA00B4A00D160DA /* PatientViewModel.swift in Sources */ = {isa = PBXBuildFile; fileRef = C04678392EA00B4A00D160DA /* PatientViewModel.swift */; };
		C04678432EA00C1B00D160DA /* PatientView.swift in Sources */ = {isa = PBXBuildFile; fileRef = C04678412EA00C1B00D160DA /* PatientView.swift */; };
		C04678442EA00C1B00D160DA /* PatientView.swift in Sources */ = {isa = PBXBuildFile; fileRef = C04678412EA00C1B00D160DA /* PatientView.swift */; };
		C04678472EA00C2700D160DA /* PatientView.swift in Sources */ = {isa = PBXBuildFile; fileRef = C04678452EA00C2700D160DA /* PatientView.swift */; };
		C04678482EA00C2700D160DA /* PatientView.swift in Sources */ = {isa = PBXBuildFile; fileRef = C04678452EA00C2700D160DA /* PatientView.swift */; };
		C0F97A7B2EA3FD370063E159 /* PatientDTO.swift in Sources */ = {isa = PBXBuildFile; fileRef = C0F97A792EA3FD370063E159 /* PatientDTO.swift */; };
		C0F97A7C2EA3FD370063E159 /* PatientDTO.swift in Sources */ = {isa = PBXBuildFile; fileRef = C0F97A792EA3FD370063E159 /* PatientDTO.swift */; };
		C0F97A7D2EA3FD370063E159 /* PatientDTO.swift in Sources */ = {isa = PBXBuildFile; fileRef = C0F97A792EA3FD370063E159 /* PatientDTO.swift */; };
		C0F97A812EA3FDDE0063E159 /* OperationAsset.swift in Sources */ = {isa = PBXBuildFile; fileRef = C0F97A7F2EA3FDDE0063E159 /* OperationAsset.swift */; };
		C0F97A822EA3FDDE0063E159 /* OperationRecording.swift in Sources */ = {isa = PBXBuildFile; fileRef = C0F97A802EA3FDDE0063E159 /* OperationRecording.swift */; };
		C0F97A832EA3FDDE0063E159 /* Operation.swift in Sources */ = {isa = PBXBuildFile; fileRef = C0F97A7E2EA3FDDE0063E159 /* Operation.swift */; };
		C0F97A842EA3FDDE0063E159 /* OperationAsset.swift in Sources */ = {isa = PBXBuildFile; fileRef = C0F97A7F2EA3FDDE0063E159 /* OperationAsset.swift */; };
		C0F97A852EA3FDDE0063E159 /* OperationRecording.swift in Sources */ = {isa = PBXBuildFile; fileRef = C0F97A802EA3FDDE0063E159 /* OperationRecording.swift */; };
		C0F97A862EA3FDDE0063E159 /* Operation.swift in Sources */ = {isa = PBXBuildFile; fileRef = C0F97A7E2EA3FDDE0063E159 /* Operation.swift */; };
		C0F97A872EA3FDDE0063E159 /* OperationAsset.swift in Sources */ = {isa = PBXBuildFile; fileRef = C0F97A7F2EA3FDDE0063E159 /* OperationAsset.swift */; };
		C0F97A882EA3FDDE0063E159 /* OperationRecording.swift in Sources */ = {isa = PBXBuildFile; fileRef = C0F97A802EA3FDDE0063E159 /* OperationRecording.swift */; };
		C0F97A892EA3FDDE0063E159 /* Operation.swift in Sources */ = {isa = PBXBuildFile; fileRef = C0F97A7E2EA3FDDE0063E159 /* Operation.swift */; };
		C0F97A8E2EA3FDF50063E159 /* DeleteOperation.swift in Sources */ = {isa = PBXBuildFile; fileRef = C0F97A8B2EA3FDF50063E159 /* DeleteOperation.swift */; };
		C0F97A8F2EA3FDF50063E159 /* RemoveAssetFromOperation.swift in Sources */ = {isa = PBXBuildFile; fileRef = C0F97A8C2EA3FDF50063E159 /* RemoveAssetFromOperation.swift */; };
		C0F97A902EA3FDF50063E159 /* UpsertOperation.swift in Sources */ = {isa = PBXBuildFile; fileRef = C0F97A8D2EA3FDF50063E159 /* UpsertOperation.swift */; };
		C0F97A912EA3FDF50063E159 /* AttachAssetToOperation.swift in Sources */ = {isa = PBXBuildFile; fileRef = C0F97A8A2EA3FDF50063E159 /* AttachAssetToOperation.swift */; };
		C0F97A922EA3FDF50063E159 /* DeleteOperation.swift in Sources */ = {isa = PBXBuildFile; fileRef = C0F97A8B2EA3FDF50063E159 /* DeleteOperation.swift */; };
		C0F97A932EA3FDF50063E159 /* RemoveAssetFromOperation.swift in Sources */ = {isa = PBXBuildFile; fileRef = C0F97A8C2EA3FDF50063E159 /* RemoveAssetFromOperation.swift */; };
		C0F97A942EA3FDF50063E159 /* UpsertOperation.swift in Sources */ = {isa = PBXBuildFile; fileRef = C0F97A8D2EA3FDF50063E159 /* UpsertOperation.swift */; };
		C0F97A952EA3FDF50063E159 /* AttachAssetToOperation.swift in Sources */ = {isa = PBXBuildFile; fileRef = C0F97A8A2EA3FDF50063E159 /* AttachAssetToOperation.swift */; };
		C0F97A962EA3FDF50063E159 /* DeleteOperation.swift in Sources */ = {isa = PBXBuildFile; fileRef = C0F97A8B2EA3FDF50063E159 /* DeleteOperation.swift */; };
		C0F97A972EA3FDF50063E159 /* RemoveAssetFromOperation.swift in Sources */ = {isa = PBXBuildFile; fileRef = C0F97A8C2EA3FDF50063E159 /* RemoveAssetFromOperation.swift */; };
		C0F97A982EA3FDF50063E159 /* UpsertOperation.swift in Sources */ = {isa = PBXBuildFile; fileRef = C0F97A8D2EA3FDF50063E159 /* UpsertOperation.swift */; };
		C0F97A992EA3FDF50063E159 /* AttachAssetToOperation.swift in Sources */ = {isa = PBXBuildFile; fileRef = C0F97A8A2EA3FDF50063E159 /* AttachAssetToOperation.swift */; };
		C0F97AA42EA401160063E159 /* PatientMapper.swift in Sources */ = {isa = PBXBuildFile; fileRef = C0F97AA22EA401160063E159 /* PatientMapper.swift */; };
		C0F97AA52EA401160063E159 /* PatientDisplayModel.swift in Sources */ = {isa = PBXBuildFile; fileRef = C0F97AA12EA401160063E159 /* PatientDisplayModel.swift */; };
		C0F97AA62EA401160063E159 /* OperationDisplayModel.swift in Sources */ = {isa = PBXBuildFile; fileRef = C0F97AA02EA401160063E159 /* OperationDisplayModel.swift */; };
		C0F97AA72EA401160063E159 /* DisplayHelpers.swift in Sources */ = {isa = PBXBuildFile; fileRef = C0F97A9E2EA401160063E159 /* DisplayHelpers.swift */; };
		C0F97AA82EA401160063E159 /* OperationAssetDisplayModel.swift in Sources */ = {isa = PBXBuildFile; fileRef = C0F97A9F2EA401160063E159 /* OperationAssetDisplayModel.swift */; };
		C0F97AA92EA401160063E159 /* PatientMapper.swift in Sources */ = {isa = PBXBuildFile; fileRef = C0F97AA22EA401160063E159 /* PatientMapper.swift */; };
		C0F97AAA2EA401160063E159 /* PatientDisplayModel.swift in Sources */ = {isa = PBXBuildFile; fileRef = C0F97AA12EA401160063E159 /* PatientDisplayModel.swift */; };
		C0F97AAB2EA401160063E159 /* OperationDisplayModel.swift in Sources */ = {isa = PBXBuildFile; fileRef = C0F97AA02EA401160063E159 /* OperationDisplayModel.swift */; };
		C0F97AAC2EA401160063E159 /* DisplayHelpers.swift in Sources */ = {isa = PBXBuildFile; fileRef = C0F97A9E2EA401160063E159 /* DisplayHelpers.swift */; };
		C0F97AAD2EA401160063E159 /* OperationAssetDisplayModel.swift in Sources */ = {isa = PBXBuildFile; fileRef = C0F97A9F2EA401160063E159 /* OperationAssetDisplayModel.swift */; };
		C0F97AAE2EA401160063E159 /* PatientMapper.swift in Sources */ = {isa = PBXBuildFile; fileRef = C0F97AA22EA401160063E159 /* PatientMapper.swift */; };
		C0F97AAF2EA401160063E159 /* PatientDisplayModel.swift in Sources */ = {isa = PBXBuildFile; fileRef = C0F97AA12EA401160063E159 /* PatientDisplayModel.swift */; };
		C0F97AB02EA401160063E159 /* OperationDisplayModel.swift in Sources */ = {isa = PBXBuildFile; fileRef = C0F97AA02EA401160063E159 /* OperationDisplayModel.swift */; };
		C0F97AB12EA401160063E159 /* DisplayHelpers.swift in Sources */ = {isa = PBXBuildFile; fileRef = C0F97A9E2EA401160063E159 /* DisplayHelpers.swift */; };
		C0F97AB22EA401160063E159 /* OperationAssetDisplayModel.swift in Sources */ = {isa = PBXBuildFile; fileRef = C0F97A9F2EA401160063E159 /* OperationAssetDisplayModel.swift */; };
		C0F97ABE2EA41D4B0063E159 /* SDOperation.swift in Sources */ = {isa = PBXBuildFile; fileRef = C0F97AB72EA41D4B0063E159 /* SDOperation.swift */; };
		C0F97ABF2EA41D4B0063E159 /* SDOperationRecording.swift in Sources */ = {isa = PBXBuildFile; fileRef = C0F97AB92EA41D4B0063E159 /* SDOperationRecording.swift */; };
		C0F97AC02EA41D4B0063E159 /* SwiftDataMappers.swift in Sources */ = {isa = PBXBuildFile; fileRef = C0F97AB52EA41D4B0063E159 /* SwiftDataMappers.swift */; };
		C0F97AC12EA41D4B0063E159 /* PatientLocalDataSourceSwiftData.swift in Sources */ = {isa = PBXBuildFile; fileRef = C0F97ABC2EA41D4B0063E159 /* PatientLocalDataSourceSwiftData.swift */; };
		C0F97AC22EA41D4B0063E159 /* SDOperationAsset.swift in Sources */ = {isa = PBXBuildFile; fileRef = C0F97AB82EA41D4B0063E159 /* SDOperationAsset.swift */; };
		C0F97AC32EA41D4B0063E159 /* PatientLocalDataSourceLegacyJSON.swift in Sources */ = {isa = PBXBuildFile; fileRef = C0F97AB32EA41D4B0063E159 /* PatientLocalDataSourceLegacyJSON.swift */; };
		C0F97AC42EA41D4B0063E159 /* SDPatient.swift in Sources */ = {isa = PBXBuildFile; fileRef = C0F97ABA2EA41D4B0063E159 /* SDPatient.swift */; };
		C0F97AC52EA41D4B0063E159 /* SDOperation.swift in Sources */ = {isa = PBXBuildFile; fileRef = C0F97AB72EA41D4B0063E159 /* SDOperation.swift */; };
		C0F97AC62EA41D4B0063E159 /* SDOperationRecording.swift in Sources */ = {isa = PBXBuildFile; fileRef = C0F97AB92EA41D4B0063E159 /* SDOperationRecording.swift */; };
		C0F97AC72EA41D4B0063E159 /* SwiftDataMappers.swift in Sources */ = {isa = PBXBuildFile; fileRef = C0F97AB52EA41D4B0063E159 /* SwiftDataMappers.swift */; };
		C0F97AC82EA41D4B0063E159 /* PatientLocalDataSourceSwiftData.swift in Sources */ = {isa = PBXBuildFile; fileRef = C0F97ABC2EA41D4B0063E159 /* PatientLocalDataSourceSwiftData.swift */; };
		C0F97AC92EA41D4B0063E159 /* SDOperationAsset.swift in Sources */ = {isa = PBXBuildFile; fileRef = C0F97AB82EA41D4B0063E159 /* SDOperationAsset.swift */; };
		C0F97ACA2EA41D4B0063E159 /* PatientLocalDataSourceLegacyJSON.swift in Sources */ = {isa = PBXBuildFile; fileRef = C0F97AB32EA41D4B0063E159 /* PatientLocalDataSourceLegacyJSON.swift */; };
		C0F97ACB2EA41D4B0063E159 /* SDPatient.swift in Sources */ = {isa = PBXBuildFile; fileRef = C0F97ABA2EA41D4B0063E159 /* SDPatient.swift */; };
		C0F97ACC2EA41D4B0063E159 /* SDOperation.swift in Sources */ = {isa = PBXBuildFile; fileRef = C0F97AB72EA41D4B0063E159 /* SDOperation.swift */; };
		C0F97ACD2EA41D4B0063E159 /* SDOperationRecording.swift in Sources */ = {isa = PBXBuildFile; fileRef = C0F97AB92EA41D4B0063E159 /* SDOperationRecording.swift */; };
		C0F97ACE2EA41D4B0063E159 /* SwiftDataMappers.swift in Sources */ = {isa = PBXBuildFile; fileRef = C0F97AB52EA41D4B0063E159 /* SwiftDataMappers.swift */; };
		C0F97ACF2EA41D4B0063E159 /* PatientLocalDataSourceSwiftData.swift in Sources */ = {isa = PBXBuildFile; fileRef = C0F97ABC2EA41D4B0063E159 /* PatientLocalDataSourceSwiftData.swift */; };
		C0F97AD02EA41D4B0063E159 /* SDOperationAsset.swift in Sources */ = {isa = PBXBuildFile; fileRef = C0F97AB82EA41D4B0063E159 /* SDOperationAsset.swift */; };
		C0F97AD12EA41D4B0063E159 /* PatientLocalDataSourceLegacyJSON.swift in Sources */ = {isa = PBXBuildFile; fileRef = C0F97AB32EA41D4B0063E159 /* PatientLocalDataSourceLegacyJSON.swift */; };
		C0F97AD22EA41D4B0063E159 /* SDPatient.swift in Sources */ = {isa = PBXBuildFile; fileRef = C0F97ABA2EA41D4B0063E159 /* SDPatient.swift */; };
		C0F97AD42EA41FB50063E159 /* PatientLocalDataSource.swift in Sources */ = {isa = PBXBuildFile; fileRef = C0F97AD32EA41FB50063E159 /* PatientLocalDataSource.swift */; };
		C0F97AD52EA41FB50063E159 /* PatientLocalDataSource.swift in Sources */ = {isa = PBXBuildFile; fileRef = C0F97AD32EA41FB50063E159 /* PatientLocalDataSource.swift */; };
		C0F97AD62EA41FB50063E159 /* PatientLocalDataSource.swift in Sources */ = {isa = PBXBuildFile; fileRef = C0F97AD32EA41FB50063E159 /* PatientLocalDataSource.swift */; };
		C0F97AD92EA420E10063E159 /* DataDependencies.swift in Sources */ = {isa = PBXBuildFile; fileRef = C0F97AD72EA420E10063E159 /* DataDependencies.swift */; };
		C0F97ADA2EA420E10063E159 /* DataDependencies.swift in Sources */ = {isa = PBXBuildFile; fileRef = C0F97AD72EA420E10063E159 /* DataDependencies.swift */; };
		C0F97ADB2EA420E10063E159 /* DataDependencies.swift in Sources */ = {isa = PBXBuildFile; fileRef = C0F97AD72EA420E10063E159 /* DataDependencies.swift */; };
		C0F97ADE2EA420EB0063E159 /* DomainDependencies.swift in Sources */ = {isa = PBXBuildFile; fileRef = C0F97ADC2EA420EB0063E159 /* DomainDependencies.swift */; };
		C0F97ADF2EA420EB0063E159 /* DomainDependencies.swift in Sources */ = {isa = PBXBuildFile; fileRef = C0F97ADC2EA420EB0063E159 /* DomainDependencies.swift */; };
		C0F97AE02EA420EB0063E159 /* DomainDependencies.swift in Sources */ = {isa = PBXBuildFile; fileRef = C0F97ADC2EA420EB0063E159 /* DomainDependencies.swift */; };
		C0F97AE22EA4304D0063E159 /* CreateOperation.swift in Sources */ = {isa = PBXBuildFile; fileRef = C0F97AE12EA4304D0063E159 /* CreateOperation.swift */; };
		C0F97AE32EA4304D0063E159 /* CreateOperation.swift in Sources */ = {isa = PBXBuildFile; fileRef = C0F97AE12EA4304D0063E159 /* CreateOperation.swift */; };
		C0F97AE42EA4304D0063E159 /* CreateOperation.swift in Sources */ = {isa = PBXBuildFile; fileRef = C0F97AE12EA4304D0063E159 /* CreateOperation.swift */; };
		C0F97B002EA430880063E159 /* Gender.swift in Sources */ = {isa = PBXBuildFile; fileRef = C0F97AFB2EA430880063E159 /* Gender.swift */; };
		C0F97B012EA430880063E159 /* OperationAssetExtension.swift in Sources */ = {isa = PBXBuildFile; fileRef = C0F97AFC2EA430880063E159 /* OperationAssetExtension.swift */; };
		C0F97B022EA430880063E159 /* OperationStatus.swift in Sources */ = {isa = PBXBuildFile; fileRef = C0F97AFD2EA430880063E159 /* OperationStatus.swift */; };
		C0F97B042EA430880063E159 /* Gender.swift in Sources */ = {isa = PBXBuildFile; fileRef = C0F97AFB2EA430880063E159 /* Gender.swift */; };
		C0F97B052EA430880063E159 /* OperationAssetExtension.swift in Sources */ = {isa = PBXBuildFile; fileRef = C0F97AFC2EA430880063E159 /* OperationAssetExtension.swift */; };
		C0F97B062EA430880063E159 /* OperationStatus.swift in Sources */ = {isa = PBXBuildFile; fileRef = C0F97AFD2EA430880063E159 /* OperationStatus.swift */; };
		C0F97B082EA430880063E159 /* Gender.swift in Sources */ = {isa = PBXBuildFile; fileRef = C0F97AFB2EA430880063E159 /* Gender.swift */; };
		C0F97B092EA430880063E159 /* OperationAssetExtension.swift in Sources */ = {isa = PBXBuildFile; fileRef = C0F97AFC2EA430880063E159 /* OperationAssetExtension.swift */; };
		C0F97B0A2EA430880063E159 /* OperationStatus.swift in Sources */ = {isa = PBXBuildFile; fileRef = C0F97AFD2EA430880063E159 /* OperationStatus.swift */; };
		C0F97B0C2EA4348D0063E159 /* CreatePatient.swift in Sources */ = {isa = PBXBuildFile; fileRef = C0F97B0B2EA4348D0063E159 /* CreatePatient.swift */; };
		C0F97B0D2EA4348D0063E159 /* CreatePatient.swift in Sources */ = {isa = PBXBuildFile; fileRef = C0F97B0B2EA4348D0063E159 /* CreatePatient.swift */; };
		C0F97B0E2EA4348D0063E159 /* CreatePatient.swift in Sources */ = {isa = PBXBuildFile; fileRef = C0F97B0B2EA4348D0063E159 /* CreatePatient.swift */; };
		C0F97B1C2EA435490063E159 /* CreateOperationCommand.swift in Sources */ = {isa = PBXBuildFile; fileRef = C0F97B172EA435490063E159 /* CreateOperationCommand.swift */; };
		C0F97B1D2EA435490063E159 /* ValidationError.swift in Sources */ = {isa = PBXBuildFile; fileRef = C0F97B1A2EA435490063E159 /* ValidationError.swift */; };
		C0F97B1E2EA435490063E159 /* CreatePatientCommand.swift in Sources */ = {isa = PBXBuildFile; fileRef = C0F97B182EA435490063E159 /* CreatePatientCommand.swift */; };
		C0F97B1F2EA435490063E159 /* CreateOperationCommand.swift in Sources */ = {isa = PBXBuildFile; fileRef = C0F97B172EA435490063E159 /* CreateOperationCommand.swift */; };
		C0F97B202EA435490063E159 /* ValidationError.swift in Sources */ = {isa = PBXBuildFile; fileRef = C0F97B1A2EA435490063E159 /* ValidationError.swift */; };
		C0F97B212EA435490063E159 /* CreatePatientCommand.swift in Sources */ = {isa = PBXBuildFile; fileRef = C0F97B182EA435490063E159 /* CreatePatientCommand.swift */; };
		C0F97B222EA435490063E159 /* CreateOperationCommand.swift in Sources */ = {isa = PBXBuildFile; fileRef = C0F97B172EA435490063E159 /* CreateOperationCommand.swift */; };
		C0F97B232EA435490063E159 /* ValidationError.swift in Sources */ = {isa = PBXBuildFile; fileRef = C0F97B1A2EA435490063E159 /* ValidationError.swift */; };
		C0F97B242EA435490063E159 /* CreatePatientCommand.swift in Sources */ = {isa = PBXBuildFile; fileRef = C0F97B182EA435490063E159 /* CreatePatientCommand.swift */; };
		C0F97B262EA437840063E159 /* AttachAssetCommand.swift in Sources */ = {isa = PBXBuildFile; fileRef = C0F97B252EA437840063E159 /* AttachAssetCommand.swift */; };
		C0F97B272EA437840063E159 /* AttachAssetCommand.swift in Sources */ = {isa = PBXBuildFile; fileRef = C0F97B252EA437840063E159 /* AttachAssetCommand.swift */; };
		C0F97B282EA437840063E159 /* AttachAssetCommand.swift in Sources */ = {isa = PBXBuildFile; fileRef = C0F97B252EA437840063E159 /* AttachAssetCommand.swift */; };
		C0F97B2A2EA439080063E159 /* UpdatePatient.swift in Sources */ = {isa = PBXBuildFile; fileRef = C0F97B292EA439080063E159 /* UpdatePatient.swift */; };
		C0F97B2B2EA439080063E159 /* UpdatePatient.swift in Sources */ = {isa = PBXBuildFile; fileRef = C0F97B292EA439080063E159 /* UpdatePatient.swift */; };
		C0F97B2C2EA439080063E159 /* UpdatePatient.swift in Sources */ = {isa = PBXBuildFile; fileRef = C0F97B292EA439080063E159 /* UpdatePatient.swift */; };
		C0F97B2E2EA439290063E159 /* UpdatePatientCommand.swift in Sources */ = {isa = PBXBuildFile; fileRef = C0F97B2D2EA439290063E159 /* UpdatePatientCommand.swift */; };
		C0F97B2F2EA439290063E159 /* UpdatePatientCommand.swift in Sources */ = {isa = PBXBuildFile; fileRef = C0F97B2D2EA439290063E159 /* UpdatePatientCommand.swift */; };
		C0F97B302EA439290063E159 /* UpdatePatientCommand.swift in Sources */ = {isa = PBXBuildFile; fileRef = C0F97B2D2EA439290063E159 /* UpdatePatientCommand.swift */; };
/* End PBXBuildFile section */

/* Begin PBXContainerItemProxy section */
		145E0F622E9C0F3B00CE6C97 /* PBXContainerItemProxy */ = {
			isa = PBXContainerItemProxy;
			containerPortal = 145E0F452E9C0F3900CE6C97 /* Project object */;
			proxyType = 1;
			remoteGlobalIDString = 145E0F4C2E9C0F3900CE6C97;
			remoteInfo = Hippo;
		};
/* End PBXContainerItemProxy section */

/* Begin PBXFileReference section */
		145E0F4D2E9C0F3900CE6C97 /* HippoVision.app */ = {isa = PBXFileReference; explicitFileType = wrapper.application; includeInIndex = 0; path = HippoVision.app; sourceTree = BUILT_PRODUCTS_DIR; };
		145E0F612E9C0F3B00CE6C97 /* HippoVisionTests.xctest */ = {isa = PBXFileReference; explicitFileType = wrapper.cfbundle; includeInIndex = 0; path = HippoVisionTests.xctest; sourceTree = BUILT_PRODUCTS_DIR; };
		145E0F832E9C0F5B00CE6C97 /* TeleVisionTests.swift */ = {isa = PBXFileReference; lastKnownFileType = sourcecode.swift; path = TeleVisionTests.swift; sourceTree = "<group>"; };
		146F102A2EA3ACFD00DDDC35 /* HippoAssets */ = {isa = PBXFileReference; lastKnownFileType = wrapper; path = HippoAssets; sourceTree = "<group>"; };
		146F102E2EA3AF1000DDDC35 /* PatientListView.swift */ = {isa = PBXFileReference; lastKnownFileType = sourcecode.swift; path = PatientListView.swift; sourceTree = "<group>"; };
		C02FFA4C2E9FFF6F00F16742 /* HippoMacApp.swift */ = {isa = PBXFileReference; lastKnownFileType = sourcecode.swift; path = HippoMacApp.swift; sourceTree = "<group>"; };
		C02FFA4D2E9FFF6F00F16742 /* Info.plist */ = {isa = PBXFileReference; lastKnownFileType = text.plist.xml; path = Info.plist; sourceTree = "<group>"; };
		C02FFA4F2E9FFF6F00F16742 /* HippoVisionApp.swift */ = {isa = PBXFileReference; lastKnownFileType = sourcecode.swift; path = HippoVisionApp.swift; sourceTree = "<group>"; };
		C02FFA502E9FFF6F00F16742 /* Info.plist */ = {isa = PBXFileReference; lastKnownFileType = text.plist.xml; path = Info.plist; sourceTree = "<group>"; };
		C02FFA532E9FFF6F00F16742 /* ContentView.swift */ = {isa = PBXFileReference; lastKnownFileType = sourcecode.swift; path = ContentView.swift; sourceTree = "<group>"; };
		C02FFA5A2E9FFF6F00F16742 /* MacAssets.xcassets */ = {isa = PBXFileReference; lastKnownFileType = folder.assetcatalog; path = MacAssets.xcassets; sourceTree = "<group>"; };
		C02FFA5B2E9FFF6F00F16742 /* VisionAssets.xcassets */ = {isa = PBXFileReference; lastKnownFileType = folder.assetcatalog; path = VisionAssets.xcassets; sourceTree = "<group>"; };
		C02FFA6A2E9FFF6F00F16742 /* AppModel.swift */ = {isa = PBXFileReference; lastKnownFileType = sourcecode.swift; path = AppModel.swift; sourceTree = "<group>"; };
		C04677F42EA00B1F00D160DA /* Patient.swift */ = {isa = PBXFileReference; lastKnownFileType = sourcecode.swift; path = Patient.swift; sourceTree = "<group>"; };
		C04677F62EA00B1F00D160DA /* PatientRepository.swift */ = {isa = PBXFileReference; lastKnownFileType = sourcecode.swift; path = PatientRepository.swift; sourceTree = "<group>"; };
		C04677FA2EA00B1F00D160DA /* DeletePatient.swift */ = {isa = PBXFileReference; lastKnownFileType = sourcecode.swift; path = DeletePatient.swift; sourceTree = "<group>"; };
		C04677FB2EA00B1F00D160DA /* GetPatient.swift */ = {isa = PBXFileReference; lastKnownFileType = sourcecode.swift; path = GetPatient.swift; sourceTree = "<group>"; };
		C04677FC2EA00B1F00D160DA /* ListPatients.swift */ = {isa = PBXFileReference; lastKnownFileType = sourcecode.swift; path = ListPatients.swift; sourceTree = "<group>"; };
		C04678282EA00B3A00D160DA /* PatientRemoteDataSource.swift */ = {isa = PBXFileReference; lastKnownFileType = sourcecode.swift; path = PatientRemoteDataSource.swift; sourceTree = "<group>"; };
		C046782C2EA00B3A00D160DA /* PatientRepositoryImpl.swift */ = {isa = PBXFileReference; lastKnownFileType = sourcecode.swift; path = PatientRepositoryImpl.swift; sourceTree = "<group>"; };
		C04678382EA00B4A00D160DA /* PatientState.swift */ = {isa = PBXFileReference; lastKnownFileType = sourcecode.swift; path = PatientState.swift; sourceTree = "<group>"; };
		C04678392EA00B4A00D160DA /* PatientViewModel.swift */ = {isa = PBXFileReference; lastKnownFileType = sourcecode.swift; path = PatientViewModel.swift; sourceTree = "<group>"; };
		C04678412EA00C1B00D160DA /* PatientView.swift */ = {isa = PBXFileReference; lastKnownFileType = sourcecode.swift; path = PatientView.swift; sourceTree = "<group>"; };
		C04678452EA00C2700D160DA /* PatientView.swift */ = {isa = PBXFileReference; lastKnownFileType = sourcecode.swift; path = PatientView.swift; sourceTree = "<group>"; };
		C05F32242E9FF303009C5974 /* HippoMac.app */ = {isa = PBXFileReference; explicitFileType = wrapper.application; includeInIndex = 0; path = HippoMac.app; sourceTree = BUILT_PRODUCTS_DIR; };
		C0F97A792EA3FD370063E159 /* PatientDTO.swift */ = {isa = PBXFileReference; lastKnownFileType = sourcecode.swift; path = PatientDTO.swift; sourceTree = "<group>"; };
		C0F97A7E2EA3FDDE0063E159 /* Operation.swift */ = {isa = PBXFileReference; lastKnownFileType = sourcecode.swift; path = Operation.swift; sourceTree = "<group>"; };
		C0F97A7F2EA3FDDE0063E159 /* OperationAsset.swift */ = {isa = PBXFileReference; lastKnownFileType = sourcecode.swift; path = OperationAsset.swift; sourceTree = "<group>"; };
		C0F97A802EA3FDDE0063E159 /* OperationRecording.swift */ = {isa = PBXFileReference; lastKnownFileType = sourcecode.swift; path = OperationRecording.swift; sourceTree = "<group>"; };
		C0F97A8A2EA3FDF50063E159 /* AttachAssetToOperation.swift */ = {isa = PBXFileReference; lastKnownFileType = sourcecode.swift; path = AttachAssetToOperation.swift; sourceTree = "<group>"; };
		C0F97A8B2EA3FDF50063E159 /* DeleteOperation.swift */ = {isa = PBXFileReference; lastKnownFileType = sourcecode.swift; path = DeleteOperation.swift; sourceTree = "<group>"; };
		C0F97A8C2EA3FDF50063E159 /* RemoveAssetFromOperation.swift */ = {isa = PBXFileReference; lastKnownFileType = sourcecode.swift; path = RemoveAssetFromOperation.swift; sourceTree = "<group>"; };
		C0F97A8D2EA3FDF50063E159 /* UpsertOperation.swift */ = {isa = PBXFileReference; lastKnownFileType = sourcecode.swift; path = UpsertOperation.swift; sourceTree = "<group>"; };
		C0F97A9E2EA401160063E159 /* DisplayHelpers.swift */ = {isa = PBXFileReference; lastKnownFileType = sourcecode.swift; path = DisplayHelpers.swift; sourceTree = "<group>"; };
		C0F97A9F2EA401160063E159 /* OperationAssetDisplayModel.swift */ = {isa = PBXFileReference; lastKnownFileType = sourcecode.swift; path = OperationAssetDisplayModel.swift; sourceTree = "<group>"; };
		C0F97AA02EA401160063E159 /* OperationDisplayModel.swift */ = {isa = PBXFileReference; lastKnownFileType = sourcecode.swift; path = OperationDisplayModel.swift; sourceTree = "<group>"; };
		C0F97AA12EA401160063E159 /* PatientDisplayModel.swift */ = {isa = PBXFileReference; lastKnownFileType = sourcecode.swift; path = PatientDisplayModel.swift; sourceTree = "<group>"; };
		C0F97AA22EA401160063E159 /* PatientMapper.swift */ = {isa = PBXFileReference; lastKnownFileType = sourcecode.swift; path = PatientMapper.swift; sourceTree = "<group>"; };
		C0F97AB32EA41D4B0063E159 /* PatientLocalDataSourceLegacyJSON.swift */ = {isa = PBXFileReference; lastKnownFileType = sourcecode.swift; path = PatientLocalDataSourceLegacyJSON.swift; sourceTree = "<group>"; };
		C0F97AB52EA41D4B0063E159 /* SwiftDataMappers.swift */ = {isa = PBXFileReference; lastKnownFileType = sourcecode.swift; path = SwiftDataMappers.swift; sourceTree = "<group>"; };
		C0F97AB72EA41D4B0063E159 /* SDOperation.swift */ = {isa = PBXFileReference; lastKnownFileType = sourcecode.swift; path = SDOperation.swift; sourceTree = "<group>"; };
		C0F97AB82EA41D4B0063E159 /* SDOperationAsset.swift */ = {isa = PBXFileReference; lastKnownFileType = sourcecode.swift; path = SDOperationAsset.swift; sourceTree = "<group>"; };
		C0F97AB92EA41D4B0063E159 /* SDOperationRecording.swift */ = {isa = PBXFileReference; lastKnownFileType = sourcecode.swift; path = SDOperationRecording.swift; sourceTree = "<group>"; };
		C0F97ABA2EA41D4B0063E159 /* SDPatient.swift */ = {isa = PBXFileReference; lastKnownFileType = sourcecode.swift; path = SDPatient.swift; sourceTree = "<group>"; };
		C0F97ABC2EA41D4B0063E159 /* PatientLocalDataSourceSwiftData.swift */ = {isa = PBXFileReference; lastKnownFileType = sourcecode.swift; path = PatientLocalDataSourceSwiftData.swift; sourceTree = "<group>"; };
		C0F97AD32EA41FB50063E159 /* PatientLocalDataSource.swift */ = {isa = PBXFileReference; lastKnownFileType = sourcecode.swift; path = PatientLocalDataSource.swift; sourceTree = "<group>"; };
		C0F97AD72EA420E10063E159 /* DataDependencies.swift */ = {isa = PBXFileReference; lastKnownFileType = sourcecode.swift; path = DataDependencies.swift; sourceTree = "<group>"; };
		C0F97ADC2EA420EB0063E159 /* DomainDependencies.swift */ = {isa = PBXFileReference; lastKnownFileType = sourcecode.swift; path = DomainDependencies.swift; sourceTree = "<group>"; };
		C0F97AE12EA4304D0063E159 /* CreateOperation.swift */ = {isa = PBXFileReference; lastKnownFileType = sourcecode.swift; path = CreateOperation.swift; sourceTree = "<group>"; };
		C0F97AFB2EA430880063E159 /* Gender.swift */ = {isa = PBXFileReference; lastKnownFileType = sourcecode.swift; path = Gender.swift; sourceTree = "<group>"; };
		C0F97AFC2EA430880063E159 /* OperationAssetExtension.swift */ = {isa = PBXFileReference; lastKnownFileType = sourcecode.swift; path = OperationAssetExtension.swift; sourceTree = "<group>"; };
		C0F97AFD2EA430880063E159 /* OperationStatus.swift */ = {isa = PBXFileReference; lastKnownFileType = sourcecode.swift; path = OperationStatus.swift; sourceTree = "<group>"; };
		C0F97B0B2EA4348D0063E159 /* CreatePatient.swift */ = {isa = PBXFileReference; lastKnownFileType = sourcecode.swift; path = CreatePatient.swift; sourceTree = "<group>"; };
		C0F97B172EA435490063E159 /* CreateOperationCommand.swift */ = {isa = PBXFileReference; lastKnownFileType = sourcecode.swift; path = CreateOperationCommand.swift; sourceTree = "<group>"; };
		C0F97B182EA435490063E159 /* CreatePatientCommand.swift */ = {isa = PBXFileReference; lastKnownFileType = sourcecode.swift; path = CreatePatientCommand.swift; sourceTree = "<group>"; };
		C0F97B1A2EA435490063E159 /* ValidationError.swift */ = {isa = PBXFileReference; lastKnownFileType = sourcecode.swift; path = ValidationError.swift; sourceTree = "<group>"; };
		C0F97B252EA437840063E159 /* AttachAssetCommand.swift */ = {isa = PBXFileReference; lastKnownFileType = sourcecode.swift; path = AttachAssetCommand.swift; sourceTree = "<group>"; };
		C0F97B292EA439080063E159 /* UpdatePatient.swift */ = {isa = PBXFileReference; lastKnownFileType = sourcecode.swift; path = UpdatePatient.swift; sourceTree = "<group>"; };
		C0F97B2D2EA439290063E159 /* UpdatePatientCommand.swift */ = {isa = PBXFileReference; lastKnownFileType = sourcecode.swift; path = UpdatePatientCommand.swift; sourceTree = "<group>"; };
/* End PBXFileReference section */

/* Begin PBXFrameworksBuildPhase section */
		145E0F4A2E9C0F3900CE6C97 /* Frameworks */ = {
			isa = PBXFrameworksBuildPhase;
			buildActionMask = 2147483647;
			files = (
				146F102D2EA3AD1500DDDC35 /* HippoAssets in Frameworks */,
				C04677B92EA006FB00D160DA /* Dependencies in Frameworks */,
			);
			runOnlyForDeploymentPostprocessing = 0;
		};
		145E0F5E2E9C0F3B00CE6C97 /* Frameworks */ = {
			isa = PBXFrameworksBuildPhase;
			buildActionMask = 2147483647;
			files = (
				C04677BB2EA006FB00D160DA /* DependenciesTestSupport in Frameworks */,
			);
			runOnlyForDeploymentPostprocessing = 0;
		};
		C05F32212E9FF303009C5974 /* Frameworks */ = {
			isa = PBXFrameworksBuildPhase;
			buildActionMask = 2147483647;
			files = (
				C04677BD2EA0070D00D160DA /* Dependencies in Frameworks */,
			);
			runOnlyForDeploymentPostprocessing = 0;
		};
/* End PBXFrameworksBuildPhase section */

/* Begin PBXGroup section */
		145E0F442E9C0F3900CE6C97 = {
			isa = PBXGroup;
			children = (
				145E0F7B2E9C0F5400CE6C97 /* Hippo */,
				145E0F502E9C0F3900CE6C97 /* Packages */,
				145E0F842E9C0F5B00CE6C97 /* HippoTests */,
				146F102B2EA3AD1500DDDC35 /* Frameworks */,
				145E0F4E2E9C0F3900CE6C97 /* Products */,
			);
			sourceTree = "<group>";
		};
		145E0F4E2E9C0F3900CE6C97 /* Products */ = {
			isa = PBXGroup;
			children = (
				145E0F4D2E9C0F3900CE6C97 /* HippoVision.app */,
				145E0F612E9C0F3B00CE6C97 /* HippoVisionTests.xctest */,
				C05F32242E9FF303009C5974 /* HippoMac.app */,
			);
			name = Products;
			sourceTree = "<group>";
		};
		145E0F502E9C0F3900CE6C97 /* Packages */ = {
			isa = PBXGroup;
			children = (
				146F102A2EA3ACFD00DDDC35 /* HippoAssets */,
			);
			path = Packages;
			sourceTree = "<group>";
		};
		145E0F7B2E9C0F5400CE6C97 /* Hippo */ = {
			isa = PBXGroup;
			children = (
				C02FFA522E9FFF6F00F16742 /* Applications */,
				C02FFA592E9FFF6F00F16742 /* Features */,
				C02FFA5C2E9FFF6F00F16742 /* Resources */,
				C02FFA6C2E9FFF6F00F16742 /* Shared */,
			);
			path = Hippo;
			sourceTree = "<group>";
		};
		145E0F842E9C0F5B00CE6C97 /* HippoTests */ = {
			isa = PBXGroup;
			children = (
				145E0F832E9C0F5B00CE6C97 /* TeleVisionTests.swift */,
			);
			path = HippoTests;
			sourceTree = "<group>";
		};
		146F102B2EA3AD1500DDDC35 /* Frameworks */ = {
			isa = PBXGroup;
			children = (
			);
			name = Frameworks;
			sourceTree = "<group>";
		};
		C02FFA4E2E9FFF6F00F16742 /* MacApp */ = {
			isa = PBXGroup;
			children = (
				C02FFA4C2E9FFF6F00F16742 /* HippoMacApp.swift */,
				C02FFA4D2E9FFF6F00F16742 /* Info.plist */,
			);
			path = MacApp;
			sourceTree = "<group>";
		};
		C02FFA512E9FFF6F00F16742 /* VisionApp */ = {
			isa = PBXGroup;
			children = (
				C02FFA4F2E9FFF6F00F16742 /* HippoVisionApp.swift */,
				C02FFA502E9FFF6F00F16742 /* Info.plist */,
			);
			path = VisionApp;
			sourceTree = "<group>";
		};
		C02FFA522E9FFF6F00F16742 /* Applications */ = {
			isa = PBXGroup;
			children = (
				C02FFA4E2E9FFF6F00F16742 /* MacApp */,
				C02FFA512E9FFF6F00F16742 /* VisionApp */,
			);
			path = Applications;
			sourceTree = "<group>";
		};
		C02FFA542E9FFF6F00F16742 /* MacUI */ = {
			isa = PBXGroup;
			children = (
				C02FFA532E9FFF6F00F16742 /* ContentView.swift */,
				C04678462EA00C2700D160DA /* Patients */,
			);
			path = MacUI;
			sourceTree = "<group>";
		};
		C02FFA582E9FFF6F00F16742 /* VisionUI */ = {
			isa = PBXGroup;
			children = (
				C04678422EA00C1B00D160DA /* Patients */,
				146F102E2EA3AF1000DDDC35 /* PatientListView.swift */,
			);
			path = VisionUI;
			sourceTree = "<group>";
		};
		C02FFA592E9FFF6F00F16742 /* Features */ = {
			isa = PBXGroup;
			children = (
				C02FFA542E9FFF6F00F16742 /* MacUI */,
				C02FFA582E9FFF6F00F16742 /* VisionUI */,
			);
			path = Features;
			sourceTree = "<group>";
		};
		C02FFA5C2E9FFF6F00F16742 /* Resources */ = {
			isa = PBXGroup;
			children = (
				C02FFA5A2E9FFF6F00F16742 /* MacAssets.xcassets */,
				C02FFA5B2E9FFF6F00F16742 /* VisionAssets.xcassets */,
			);
			path = Resources;
			sourceTree = "<group>";
		};
		C02FFA652E9FFF6F00F16742 /* Data */ = {
			isa = PBXGroup;
			children = (
				C0F97AD82EA420E10063E159 /* DI */,
				C046782E2EA00B3A00D160DA /* Patients */,
			);
			path = Data;
			sourceTree = "<group>";
		};
		C02FFA692E9FFF6F00F16742 /* Domain */ = {
			isa = PBXGroup;
			children = (
				C0F97ADD2EA420EB0063E159 /* DI */,
				C04678012EA00B1F00D160DA /* Patients */,
			);
			path = Domain;
			sourceTree = "<group>";
		};
		C02FFA6B2E9FFF6F00F16742 /* Presentation */ = {
			isa = PBXGroup;
			children = (
				C02FFA6A2E9FFF6F00F16742 /* AppModel.swift */,
				C046783A2EA00B4A00D160DA /* Patients */,
			);
			path = Presentation;
			sourceTree = "<group>";
		};
		C02FFA6C2E9FFF6F00F16742 /* Shared */ = {
			isa = PBXGroup;
			children = (
				C02FFA652E9FFF6F00F16742 /* Data */,
				C02FFA692E9FFF6F00F16742 /* Domain */,
				C02FFA6B2E9FFF6F00F16742 /* Presentation */,
			);
			path = Shared;
			sourceTree = "<group>";
		};
		C04677F52EA00B1F00D160DA /* Entities */ = {
			isa = PBXGroup;
			children = (
				C0F97A7E2EA3FDDE0063E159 /* Operation.swift */,
				C0F97A7F2EA3FDDE0063E159 /* OperationAsset.swift */,
				C0F97A802EA3FDDE0063E159 /* OperationRecording.swift */,
				C04677F42EA00B1F00D160DA /* Patient.swift */,
			);
			path = Entities;
			sourceTree = "<group>";
		};
		C04677F72EA00B1F00D160DA /* Repositories */ = {
			isa = PBXGroup;
			children = (
				C04677F62EA00B1F00D160DA /* PatientRepository.swift */,
			);
			path = Repositories;
			sourceTree = "<group>";
		};
		C04678002EA00B1F00D160DA /* UseCases */ = {
			isa = PBXGroup;
			children = (
				C0F97B292EA439080063E159 /* UpdatePatient.swift */,
				C0F97B0B2EA4348D0063E159 /* CreatePatient.swift */,
				C0F97AE12EA4304D0063E159 /* CreateOperation.swift */,
				C0F97A8A2EA3FDF50063E159 /* AttachAssetToOperation.swift */,
				C0F97A8B2EA3FDF50063E159 /* DeleteOperation.swift */,
				C0F97A8C2EA3FDF50063E159 /* RemoveAssetFromOperation.swift */,
				C0F97A8D2EA3FDF50063E159 /* UpsertOperation.swift */,
				C04677FA2EA00B1F00D160DA /* DeletePatient.swift */,
				C04677FB2EA00B1F00D160DA /* GetPatient.swift */,
				C04677FC2EA00B1F00D160DA /* ListPatients.swift */,
			);
			path = UseCases;
			sourceTree = "<group>";
		};
		C04678012EA00B1F00D160DA /* Patients */ = {
			isa = PBXGroup;
			children = (
				C0F97B192EA435490063E159 /* Commands */,
				C0F97B1B2EA435490063E159 /* Errors */,
				C0F97AFE2EA430880063E159 /* ValueObjects */,
				C04677F52EA00B1F00D160DA /* Entities */,
				C04677F72EA00B1F00D160DA /* Repositories */,
				C04678002EA00B1F00D160DA /* UseCases */,
			);
			path = Patients;
			sourceTree = "<group>";
		};
		C04678272EA00B3A00D160DA /* Local */ = {
			isa = PBXGroup;
			children = (
				C0F97AB42EA41D4B0063E159 /* JSON */,
				C0F97ABD2EA41D4B0063E159 /* SwiftData */,
			);
			path = Local;
			sourceTree = "<group>";
		};
		C04678292EA00B3A00D160DA /* Remote */ = {
			isa = PBXGroup;
			children = (
				C0F97A7A2EA3FD370063E159 /* DTO */,
				C04678282EA00B3A00D160DA /* PatientRemoteDataSource.swift */,
			);
			path = Remote;
			sourceTree = "<group>";
		};
		C046782A2EA00B3A00D160DA /* DataSources */ = {
			isa = PBXGroup;
			children = (
				C0F97AD32EA41FB50063E159 /* PatientLocalDataSource.swift */,
				C04678272EA00B3A00D160DA /* Local */,
				C04678292EA00B3A00D160DA /* Remote */,
			);
			path = DataSources;
			sourceTree = "<group>";
		};
		C046782D2EA00B3A00D160DA /* Repository */ = {
			isa = PBXGroup;
			children = (
				C046782C2EA00B3A00D160DA /* PatientRepositoryImpl.swift */,
			);
			path = Repository;
			sourceTree = "<group>";
		};
		C046782E2EA00B3A00D160DA /* Patients */ = {
			isa = PBXGroup;
			children = (
				C046782A2EA00B3A00D160DA /* DataSources */,
				C046782D2EA00B3A00D160DA /* Repository */,
			);
			path = Patients;
			sourceTree = "<group>";
		};
		C046783A2EA00B4A00D160DA /* Patients */ = {
			isa = PBXGroup;
			children = (
				C0F97AA32EA401160063E159 /* DisplayModels */,
				C04678382EA00B4A00D160DA /* PatientState.swift */,
				C04678392EA00B4A00D160DA /* PatientViewModel.swift */,
			);
			path = Patients;
			sourceTree = "<group>";
		};
		C04678422EA00C1B00D160DA /* Patients */ = {
			isa = PBXGroup;
			children = (
				C04678412EA00C1B00D160DA /* PatientView.swift */,
			);
			path = Patients;
			sourceTree = "<group>";
		};
		C04678462EA00C2700D160DA /* Patients */ = {
			isa = PBXGroup;
			children = (
				C04678452EA00C2700D160DA /* PatientView.swift */,
			);
			path = Patients;
			sourceTree = "<group>";
		};
		C0F97A7A2EA3FD370063E159 /* DTO */ = {
			isa = PBXGroup;
			children = (
				C0F97A792EA3FD370063E159 /* PatientDTO.swift */,
			);
			path = DTO;
			sourceTree = "<group>";
		};
		C0F97AA32EA401160063E159 /* DisplayModels */ = {
			isa = PBXGroup;
			children = (
				C0F97A9E2EA401160063E159 /* DisplayHelpers.swift */,
				C0F97A9F2EA401160063E159 /* OperationAssetDisplayModel.swift */,
				C0F97AA02EA401160063E159 /* OperationDisplayModel.swift */,
				C0F97AA12EA401160063E159 /* PatientDisplayModel.swift */,
				C0F97AA22EA401160063E159 /* PatientMapper.swift */,
			);
			path = DisplayModels;
			sourceTree = "<group>";
		};
		C0F97AB42EA41D4B0063E159 /* JSON */ = {
			isa = PBXGroup;
			children = (
				C0F97AB32EA41D4B0063E159 /* PatientLocalDataSourceLegacyJSON.swift */,
			);
			path = JSON;
			sourceTree = "<group>";
		};
		C0F97AB62EA41D4B0063E159 /* Mappers */ = {
			isa = PBXGroup;
			children = (
				C0F97AB52EA41D4B0063E159 /* SwiftDataMappers.swift */,
			);
			path = Mappers;
			sourceTree = "<group>";
		};
		C0F97ABB2EA41D4B0063E159 /* Models */ = {
			isa = PBXGroup;
			children = (
				C0F97AB72EA41D4B0063E159 /* SDOperation.swift */,
				C0F97AB82EA41D4B0063E159 /* SDOperationAsset.swift */,
				C0F97AB92EA41D4B0063E159 /* SDOperationRecording.swift */,
				C0F97ABA2EA41D4B0063E159 /* SDPatient.swift */,
			);
			path = Models;
			sourceTree = "<group>";
		};
		C0F97ABD2EA41D4B0063E159 /* SwiftData */ = {
			isa = PBXGroup;
			children = (
				C0F97AB62EA41D4B0063E159 /* Mappers */,
				C0F97ABB2EA41D4B0063E159 /* Models */,
				C0F97ABC2EA41D4B0063E159 /* PatientLocalDataSourceSwiftData.swift */,
			);
			path = SwiftData;
			sourceTree = "<group>";
		};
		C0F97AD82EA420E10063E159 /* DI */ = {
			isa = PBXGroup;
			children = (
				C0F97AD72EA420E10063E159 /* DataDependencies.swift */,
			);
			path = DI;
			sourceTree = "<group>";
		};
		C0F97ADD2EA420EB0063E159 /* DI */ = {
			isa = PBXGroup;
			children = (
				C0F97ADC2EA420EB0063E159 /* DomainDependencies.swift */,
			);
			path = DI;
			sourceTree = "<group>";
		};
		C0F97AFE2EA430880063E159 /* ValueObjects */ = {
			isa = PBXGroup;
			children = (
				C0F97AFB2EA430880063E159 /* Gender.swift */,
				C0F97AFC2EA430880063E159 /* OperationAssetExtension.swift */,
				C0F97AFD2EA430880063E159 /* OperationStatus.swift */,
			);
			path = ValueObjects;
			sourceTree = "<group>";
		};
		C0F97B192EA435490063E159 /* Commands */ = {
			isa = PBXGroup;
			children = (
				C0F97B2D2EA439290063E159 /* UpdatePatientCommand.swift */,
				C0F97B252EA437840063E159 /* AttachAssetCommand.swift */,
				C0F97B172EA435490063E159 /* CreateOperationCommand.swift */,
				C0F97B182EA435490063E159 /* CreatePatientCommand.swift */,
			);
			path = Commands;
			sourceTree = "<group>";
		};
		C0F97B1B2EA435490063E159 /* Errors */ = {
			isa = PBXGroup;
			children = (
				C0F97B1A2EA435490063E159 /* ValidationError.swift */,
			);
			path = Errors;
			sourceTree = "<group>";
		};
/* End PBXGroup section */

/* Begin PBXNativeTarget section */
		145E0F4C2E9C0F3900CE6C97 /* HippoVision */ = {
			isa = PBXNativeTarget;
			buildConfigurationList = 145E0F682E9C0F3B00CE6C97 /* Build configuration list for PBXNativeTarget "HippoVision" */;
			buildPhases = (
				145E0F492E9C0F3900CE6C97 /* Sources */,
				145E0F4A2E9C0F3900CE6C97 /* Frameworks */,
				145E0F4B2E9C0F3900CE6C97 /* Resources */,
			);
			buildRules = (
			);
			dependencies = (
			);
			name = HippoVision;
			packageProductDependencies = (
				C04677B82EA006FB00D160DA /* Dependencies */,
				146F102C2EA3AD1500DDDC35 /* HippoAssets */,
			);
			productName = Hippo;
			productReference = 145E0F4D2E9C0F3900CE6C97 /* HippoVision.app */;
			productType = "com.apple.product-type.application";
		};
		145E0F602E9C0F3B00CE6C97 /* HippoVisionTests */ = {
			isa = PBXNativeTarget;
			buildConfigurationList = 145E0F6D2E9C0F3B00CE6C97 /* Build configuration list for PBXNativeTarget "HippoVisionTests" */;
			buildPhases = (
				145E0F5D2E9C0F3B00CE6C97 /* Sources */,
				145E0F5E2E9C0F3B00CE6C97 /* Frameworks */,
				145E0F5F2E9C0F3B00CE6C97 /* Resources */,
			);
			buildRules = (
			);
			dependencies = (
				145E0F632E9C0F3B00CE6C97 /* PBXTargetDependency */,
			);
			name = HippoVisionTests;
			packageProductDependencies = (
				C04677BA2EA006FB00D160DA /* DependenciesTestSupport */,
			);
			productName = HippoTests;
			productReference = 145E0F612E9C0F3B00CE6C97 /* HippoVisionTests.xctest */;
			productType = "com.apple.product-type.bundle.unit-test";
		};
		C05F32232E9FF303009C5974 /* HippoMac */ = {
			isa = PBXNativeTarget;
			buildConfigurationList = C05F322E2E9FF304009C5974 /* Build configuration list for PBXNativeTarget "HippoMac" */;
			buildPhases = (
				C05F32202E9FF303009C5974 /* Sources */,
				C05F32212E9FF303009C5974 /* Frameworks */,
				C05F32222E9FF303009C5974 /* Resources */,
			);
			buildRules = (
			);
			dependencies = (
			);
			name = HippoMac;
			packageProductDependencies = (
				C04677BC2EA0070D00D160DA /* Dependencies */,
			);
			productName = HippoMac;
			productReference = C05F32242E9FF303009C5974 /* HippoMac.app */;
			productType = "com.apple.product-type.application";
		};
/* End PBXNativeTarget section */

/* Begin PBXProject section */
		145E0F452E9C0F3900CE6C97 /* Project object */ = {
			isa = PBXProject;
			attributes = {
				BuildIndependentTargetsInParallel = 1;
				LastSwiftUpdateCheck = 2600;
				LastUpgradeCheck = 2600;
				TargetAttributes = {
					145E0F4C2E9C0F3900CE6C97 = {
						CreatedOnToolsVersion = 26.0;
					};
					145E0F602E9C0F3B00CE6C97 = {
						CreatedOnToolsVersion = 26.0;
						TestTargetID = 145E0F4C2E9C0F3900CE6C97;
					};
					C05F32232E9FF303009C5974 = {
						CreatedOnToolsVersion = 26.0;
					};
				};
			};
			buildConfigurationList = 145E0F482E9C0F3900CE6C97 /* Build configuration list for PBXProject "Hippo" */;
			developmentRegion = en;
			hasScannedForEncodings = 0;
			knownRegions = (
				en,
				Base,
			);
			mainGroup = 145E0F442E9C0F3900CE6C97;
			minimizedProjectReferenceProxies = 1;
			packageReferences = (
				C04677B72EA006FB00D160DA /* XCRemoteSwiftPackageReference "swift-dependencies" */,
			);
			preferredProjectObjectVersion = 77;
			productRefGroup = 145E0F4E2E9C0F3900CE6C97 /* Products */;
			projectDirPath = "";
			projectRoot = "";
			targets = (
				145E0F4C2E9C0F3900CE6C97 /* HippoVision */,
				145E0F602E9C0F3B00CE6C97 /* HippoVisionTests */,
				C05F32232E9FF303009C5974 /* HippoMac */,
			);
		};
/* End PBXProject section */

/* Begin PBXResourcesBuildPhase section */
		145E0F4B2E9C0F3900CE6C97 /* Resources */ = {
			isa = PBXResourcesBuildPhase;
			buildActionMask = 2147483647;
			files = (
				C02FFA932E9FFF6F00F16742 /* VisionAssets.xcassets in Resources */,
			);
			runOnlyForDeploymentPostprocessing = 0;
		};
		145E0F5F2E9C0F3B00CE6C97 /* Resources */ = {
			isa = PBXResourcesBuildPhase;
			buildActionMask = 2147483647;
			files = (
			);
			runOnlyForDeploymentPostprocessing = 0;
		};
		C05F32222E9FF303009C5974 /* Resources */ = {
			isa = PBXResourcesBuildPhase;
			buildActionMask = 2147483647;
			files = (
				C02FFA8D2E9FFF6F00F16742 /* MacAssets.xcassets in Resources */,
			);
			runOnlyForDeploymentPostprocessing = 0;
		};
/* End PBXResourcesBuildPhase section */

/* Begin PBXSourcesBuildPhase section */
		145E0F492E9C0F3900CE6C97 /* Sources */ = {
			isa = PBXSourcesBuildPhase;
			buildActionMask = 2147483647;
			files = (
				C02FFA952E9FFF6F00F16742 /* ToggleImmersiveSpaceButton.swift in Sources */,
				C04678102EA00B1F00D160DA /* DeletePatient.swift in Sources */,
				C0F97B0E2EA4348D0063E159 /* CreatePatient.swift in Sources */,
				C0F97AD62EA41FB50063E159 /* PatientLocalDataSource.swift in Sources */,
				C0F97A842EA3FDDE0063E159 /* OperationAsset.swift in Sources */,
				C0F97ADF2EA420EB0063E159 /* DomainDependencies.swift in Sources */,
				C0F97A852EA3FDDE0063E159 /* OperationRecording.swift in Sources */,
				C0F97A862EA3FDDE0063E159 /* Operation.swift in Sources */,
				C046782F2EA00B3A00D160DA /* PatientRepositoryImpl.swift in Sources */,
				C04678302EA00B3A00D160DA /* PatientRemoteDataSource.swift in Sources */,
				C04678432EA00C1B00D160DA /* PatientView.swift in Sources */,
				C04678142EA00B1F00D160DA /* Patient.swift in Sources */,
				C04678172EA00B1F00D160DA /* GetPatient.swift in Sources */,
				C04678182EA00B1F00D160DA /* ListPatients.swift in Sources */,
				C04678192EA00B1F00D160DA /* PatientRepository.swift in Sources */,
				146F10302EA3AF1000DDDC35 /* PatientListView.swift in Sources */,
				C02FFA992E9FFF6F00F16742 /* HippoVisionApp.swift in Sources */,
				C02FFA9D2E9FFF6F00F16742 /* AppModel.swift in Sources */,
				C0F97A7B2EA3FD370063E159 /* PatientDTO.swift in Sources */,
				C02FFA9E2E9FFF6F00F16742 /* ContentView.swift in Sources */,
				C02FFA9F2E9FFF6F00F16742 /* ImmersiveView.swift in Sources */,
				C0F97ACC2EA41D4B0063E159 /* SDOperation.swift in Sources */,
				C0F97ACD2EA41D4B0063E159 /* SDOperationRecording.swift in Sources */,
				C0F97ACE2EA41D4B0063E159 /* SwiftDataMappers.swift in Sources */,
				C0F97ACF2EA41D4B0063E159 /* PatientLocalDataSourceSwiftData.swift in Sources */,
				C0F97AD02EA41D4B0063E159 /* SDOperationAsset.swift in Sources */,
				C0F97AD12EA41D4B0063E159 /* PatientLocalDataSourceLegacyJSON.swift in Sources */,
				C0F97AD22EA41D4B0063E159 /* SDPatient.swift in Sources */,
				C0F97B222EA435490063E159 /* CreateOperationCommand.swift in Sources */,
				C0F97B232EA435490063E159 /* ValidationError.swift in Sources */,
				C0F97B242EA435490063E159 /* CreatePatientCommand.swift in Sources */,
				C0F97AE22EA4304D0063E159 /* CreateOperation.swift in Sources */,
				C046783F2EA00B4A00D160DA /* PatientState.swift in Sources */,
				C0F97AAE2EA401160063E159 /* PatientMapper.swift in Sources */,
				C0F97AAF2EA401160063E159 /* PatientDisplayModel.swift in Sources */,
				C0F97AB02EA401160063E159 /* OperationDisplayModel.swift in Sources */,
				C0F97B2F2EA439290063E159 /* UpdatePatientCommand.swift in Sources */,
				C0F97AB12EA401160063E159 /* DisplayHelpers.swift in Sources */,
				C0F97B082EA430880063E159 /* Gender.swift in Sources */,
				C0F97B092EA430880063E159 /* OperationAssetExtension.swift in Sources */,
				C0F97B262EA437840063E159 /* AttachAssetCommand.swift in Sources */,
				C0F97B0A2EA430880063E159 /* OperationStatus.swift in Sources */,
				C0F97AB22EA401160063E159 /* OperationAssetDisplayModel.swift in Sources */,
				C0F97B2C2EA439080063E159 /* UpdatePatient.swift in Sources */,
				C0F97ADA2EA420E10063E159 /* DataDependencies.swift in Sources */,
				C0F97A8E2EA3FDF50063E159 /* DeleteOperation.swift in Sources */,
				C0F97A8F2EA3FDF50063E159 /* RemoveAssetFromOperation.swift in Sources */,
				C0F97A902EA3FDF50063E159 /* UpsertOperation.swift in Sources */,
				C0F97A912EA3FDF50063E159 /* AttachAssetToOperation.swift in Sources */,
				C04678402EA00B4A00D160DA /* PatientViewModel.swift in Sources */,
			);
			runOnlyForDeploymentPostprocessing = 0;
		};
		145E0F5D2E9C0F3B00CE6C97 /* Sources */ = {
			isa = PBXSourcesBuildPhase;
			buildActionMask = 2147483647;
			files = (
				C02FFA712E9FFF6F00F16742 /* ToggleImmersiveSpaceButton.swift in Sources */,
				C04678042EA00B1F00D160DA /* DeletePatient.swift in Sources */,
				C0F97A812EA3FDDE0063E159 /* OperationAsset.swift in Sources */,
				C0F97A822EA3FDDE0063E159 /* OperationRecording.swift in Sources */,
				C0F97AE02EA420EB0063E159 /* DomainDependencies.swift in Sources */,
				C0F97B1F2EA435490063E159 /* CreateOperationCommand.swift in Sources */,
				C0F97B202EA435490063E159 /* ValidationError.swift in Sources */,
				C0F97B212EA435490063E159 /* CreatePatientCommand.swift in Sources */,
				C0F97A832EA3FDDE0063E159 /* Operation.swift in Sources */,
				C046783B2EA00B4A00D160DA /* PatientState.swift in Sources */,
				C0F97AD52EA41FB50063E159 /* PatientLocalDataSource.swift in Sources */,
				C0F97AE32EA4304D0063E159 /* CreateOperation.swift in Sources */,
				C046783C2EA00B4A00D160DA /* PatientViewModel.swift in Sources */,
				C04678082EA00B1F00D160DA /* Patient.swift in Sources */,
				C0F97A7C2EA3FD370063E159 /* PatientDTO.swift in Sources */,
				C046780B2EA00B1F00D160DA /* GetPatient.swift in Sources */,
				C0F97ABE2EA41D4B0063E159 /* SDOperation.swift in Sources */,
				C0F97ABF2EA41D4B0063E159 /* SDOperationRecording.swift in Sources */,
				C0F97AD92EA420E10063E159 /* DataDependencies.swift in Sources */,
				C0F97AC02EA41D4B0063E159 /* SwiftDataMappers.swift in Sources */,
				C0F97AC12EA41D4B0063E159 /* PatientLocalDataSourceSwiftData.swift in Sources */,
				C0F97AC22EA41D4B0063E159 /* SDOperationAsset.swift in Sources */,
				C0F97AC32EA41D4B0063E159 /* PatientLocalDataSourceLegacyJSON.swift in Sources */,
				C0F97AC42EA41D4B0063E159 /* SDPatient.swift in Sources */,
				C0F97B2B2EA439080063E159 /* UpdatePatient.swift in Sources */,
				C04678352EA00B3A00D160DA /* PatientRepositoryImpl.swift in Sources */,
				C0F97A922EA3FDF50063E159 /* DeleteOperation.swift in Sources */,
				C0F97A932EA3FDF50063E159 /* RemoveAssetFromOperation.swift in Sources */,
				C0F97A942EA3FDF50063E159 /* UpsertOperation.swift in Sources */,
				C0F97B302EA439290063E159 /* UpdatePatientCommand.swift in Sources */,
				C0F97A952EA3FDF50063E159 /* AttachAssetToOperation.swift in Sources */,
				C04678362EA00B3A00D160DA /* PatientRemoteDataSource.swift in Sources */,
				C0F97B272EA437840063E159 /* AttachAssetCommand.swift in Sources */,
				C046780C2EA00B1F00D160DA /* ListPatients.swift in Sources */,
				146F102F2EA3AF1000DDDC35 /* PatientListView.swift in Sources */,
				C046780D2EA00B1F00D160DA /* PatientRepository.swift in Sources */,
				C04678482EA00C2700D160DA /* PatientView.swift in Sources */,
				C0F97B002EA430880063E159 /* Gender.swift in Sources */,
				C0F97B012EA430880063E159 /* OperationAssetExtension.swift in Sources */,
				C0F97B022EA430880063E159 /* OperationStatus.swift in Sources */,
				C04678442EA00C1B00D160DA /* PatientView.swift in Sources */,
				C02FFA722E9FFF6F00F16742 /* ContentView.swift in Sources */,
				C02FFA752E9FFF6F00F16742 /* HippoVisionApp.swift in Sources */,
				C02FFA762E9FFF6F00F16742 /* HippoMacApp.swift in Sources */,
				C02FFA792E9FFF6F00F16742 /* AppModel.swift in Sources */,
				C0F97AA42EA401160063E159 /* PatientMapper.swift in Sources */,
				C0F97AA52EA401160063E159 /* PatientDisplayModel.swift in Sources */,
				C0F97AA62EA401160063E159 /* OperationDisplayModel.swift in Sources */,
				C0F97AA72EA401160063E159 /* DisplayHelpers.swift in Sources */,
				C0F97AA82EA401160063E159 /* OperationAssetDisplayModel.swift in Sources */,
				C0F97B0C2EA4348D0063E159 /* CreatePatient.swift in Sources */,
				C02FFA7A2E9FFF6F00F16742 /* ContentView.swift in Sources */,
				C02FFA7B2E9FFF6F00F16742 /* ImmersiveView.swift in Sources */,
				145E0F852E9C0F5B00CE6C97 /* TeleVisionTests.swift in Sources */,
			);
			runOnlyForDeploymentPostprocessing = 0;
		};
		C05F32202E9FF303009C5974 /* Sources */ = {
			isa = PBXSourcesBuildPhase;
			buildActionMask = 2147483647;
			files = (
				C0F97AA92EA401160063E159 /* PatientMapper.swift in Sources */,
				C0F97AC52EA41D4B0063E159 /* SDOperation.swift in Sources */,
				C0F97ADE2EA420EB0063E159 /* DomainDependencies.swift in Sources */,
				C0F97AD42EA41FB50063E159 /* PatientLocalDataSource.swift in Sources */,
				C0F97AC62EA41D4B0063E159 /* SDOperationRecording.swift in Sources */,
				C0F97AC72EA41D4B0063E159 /* SwiftDataMappers.swift in Sources */,
				C0F97AC82EA41D4B0063E159 /* PatientLocalDataSourceSwiftData.swift in Sources */,
				C0F97AC92EA41D4B0063E159 /* SDOperationAsset.swift in Sources */,
				C0F97ACA2EA41D4B0063E159 /* PatientLocalDataSourceLegacyJSON.swift in Sources */,
				C0F97ADB2EA420E10063E159 /* DataDependencies.swift in Sources */,
				C0F97AE42EA4304D0063E159 /* CreateOperation.swift in Sources */,
				C0F97ACB2EA41D4B0063E159 /* SDPatient.swift in Sources */,
				C0F97B2E2EA439290063E159 /* UpdatePatientCommand.swift in Sources */,
				C0F97AAA2EA401160063E159 /* PatientDisplayModel.swift in Sources */,
				C0F97B2A2EA439080063E159 /* UpdatePatient.swift in Sources */,
				C0F97AAB2EA401160063E159 /* OperationDisplayModel.swift in Sources */,
				C0F97AAC2EA401160063E159 /* DisplayHelpers.swift in Sources */,
				C0F97AAD2EA401160063E159 /* OperationAssetDisplayModel.swift in Sources */,
				C02FFA802E9FFF6F00F16742 /* ContentView.swift in Sources */,
				C02FFA842E9FFF6F00F16742 /* HippoMacApp.swift in Sources */,
				C0F97B0D2EA4348D0063E159 /* CreatePatient.swift in Sources */,
				C02FFA872E9FFF6F00F16742 /* AppModel.swift in Sources */,
				C04678322EA00B3A00D160DA /* PatientRepositoryImpl.swift in Sources */,
				146F10312EA3AF2D00DDDC35 /* PatientListView.swift in Sources */,
				C04678332EA00B3A00D160DA /* PatientRemoteDataSource.swift in Sources */,
				C04678472EA00C2700D160DA /* PatientView.swift in Sources */,
				C0F97A7D2EA3FD370063E159 /* PatientDTO.swift in Sources */,
				C046781C2EA00B1F00D160DA /* DeletePatient.swift in Sources */,
				C0F97B042EA430880063E159 /* Gender.swift in Sources */,
				C0F97B052EA430880063E159 /* OperationAssetExtension.swift in Sources */,
				C0F97B062EA430880063E159 /* OperationStatus.swift in Sources */,
				C046783D2EA00B4A00D160DA /* PatientState.swift in Sources */,
				C046783E2EA00B4A00D160DA /* PatientViewModel.swift in Sources */,
				C0F97B282EA437840063E159 /* AttachAssetCommand.swift in Sources */,
				C0F97A872EA3FDDE0063E159 /* OperationAsset.swift in Sources */,
				C0F97A882EA3FDDE0063E159 /* OperationRecording.swift in Sources */,
				C0F97A892EA3FDDE0063E159 /* Operation.swift in Sources */,
				C04678202EA00B1F00D160DA /* Patient.swift in Sources */,
				C04678232EA00B1F00D160DA /* GetPatient.swift in Sources */,
				C04678242EA00B1F00D160DA /* ListPatients.swift in Sources */,
				C04678252EA00B1F00D160DA /* PatientRepository.swift in Sources */,
				C0F97B1C2EA435490063E159 /* CreateOperationCommand.swift in Sources */,
				C0F97B1D2EA435490063E159 /* ValidationError.swift in Sources */,
				C0F97B1E2EA435490063E159 /* CreatePatientCommand.swift in Sources */,
				C0F97A962EA3FDF50063E159 /* DeleteOperation.swift in Sources */,
				C0F97A972EA3FDF50063E159 /* RemoveAssetFromOperation.swift in Sources */,
				C0F97A982EA3FDF50063E159 /* UpsertOperation.swift in Sources */,
				C0F97A992EA3FDF50063E159 /* AttachAssetToOperation.swift in Sources */,
			);
			runOnlyForDeploymentPostprocessing = 0;
		};
/* End PBXSourcesBuildPhase section */

/* Begin PBXTargetDependency section */
		145E0F632E9C0F3B00CE6C97 /* PBXTargetDependency */ = {
			isa = PBXTargetDependency;
			target = 145E0F4C2E9C0F3900CE6C97 /* HippoVision */;
			targetProxy = 145E0F622E9C0F3B00CE6C97 /* PBXContainerItemProxy */;
		};
/* End PBXTargetDependency section */

/* Begin XCBuildConfiguration section */
		145E0F692E9C0F3B00CE6C97 /* Debug */ = {
			isa = XCBuildConfiguration;
			buildSettings = {
				ASSETCATALOG_COMPILER_APPICON_NAME = AppIcon;
				ASSETCATALOG_COMPILER_GLOBAL_ACCENT_COLOR_NAME = AccentColor;
				CODE_SIGN_STYLE = Manual;
				CURRENT_PROJECT_VERSION = 1;
				DEVELOPMENT_TEAM = 4FCV7BL65G;
				ENABLE_PREVIEWS = YES;
				GENERATE_INFOPLIST_FILE = YES;
				INFOPLIST_FILE = "$(SRCROOT)/Hippo/Applications/VisionApp/Info.plist";
				INFOPLIST_KEY_CFBundleDisplayName = Hippo;
				LD_RUNPATH_SEARCH_PATHS = (
					"$(inherited)",
					"@executable_path/Frameworks",
				);
				MARKETING_VERSION = 1.0;
				PRODUCT_BUNDLE_IDENTIFIER = com.television.hippo.vision;
				PRODUCT_NAME = "$(TARGET_NAME)";
				PROVISIONING_PROFILE_SPECIFIER = "";
				STRING_CATALOG_GENERATE_SYMBOLS = YES;
				SUPPORTED_PLATFORMS = "xros xrsimulator";
				SWIFT_APPROACHABLE_CONCURRENCY = YES;
				SWIFT_DEFAULT_ACTOR_ISOLATION = MainActor;
				SWIFT_EMIT_LOC_STRINGS = YES;
				SWIFT_UPCOMING_FEATURE_MEMBER_IMPORT_VISIBILITY = YES;
				SWIFT_VERSION = 5.0;
				TARGETED_DEVICE_FAMILY = 7;
			};
			name = Debug;
		};
		145E0F6A2E9C0F3B00CE6C97 /* Release */ = {
			isa = XCBuildConfiguration;
			buildSettings = {
				ASSETCATALOG_COMPILER_APPICON_NAME = AppIcon;
				ASSETCATALOG_COMPILER_GLOBAL_ACCENT_COLOR_NAME = AccentColor;
				CODE_SIGN_STYLE = Manual;
				CURRENT_PROJECT_VERSION = 1;
				DEVELOPMENT_TEAM = 4FCV7BL65G;
				ENABLE_PREVIEWS = YES;
				GENERATE_INFOPLIST_FILE = YES;
				INFOPLIST_FILE = "$(SRCROOT)/Hippo/Applications/VisionApp/Info.plist";
				INFOPLIST_KEY_CFBundleDisplayName = Hippo;
				LD_RUNPATH_SEARCH_PATHS = (
					"$(inherited)",
					"@executable_path/Frameworks",
				);
				MARKETING_VERSION = 1.0;
				PRODUCT_BUNDLE_IDENTIFIER = com.television.hippo.vision;
				PRODUCT_NAME = "$(TARGET_NAME)";
				PROVISIONING_PROFILE_SPECIFIER = "";
				STRING_CATALOG_GENERATE_SYMBOLS = YES;
				SUPPORTED_PLATFORMS = "xros xrsimulator";
				SWIFT_APPROACHABLE_CONCURRENCY = YES;
				SWIFT_DEFAULT_ACTOR_ISOLATION = MainActor;
				SWIFT_EMIT_LOC_STRINGS = YES;
				SWIFT_UPCOMING_FEATURE_MEMBER_IMPORT_VISIBILITY = YES;
				SWIFT_VERSION = 5.0;
				TARGETED_DEVICE_FAMILY = 7;
			};
			name = Release;
		};
		145E0F6B2E9C0F3B00CE6C97 /* Debug */ = {
			isa = XCBuildConfiguration;
			buildSettings = {
				ALWAYS_SEARCH_USER_PATHS = NO;
				ASSETCATALOG_COMPILER_GENERATE_SWIFT_ASSET_SYMBOL_EXTENSIONS = YES;
				CLANG_ANALYZER_NONNULL = YES;
				CLANG_ANALYZER_NUMBER_OBJECT_CONVERSION = YES_AGGRESSIVE;
				CLANG_CXX_LANGUAGE_STANDARD = "gnu++20";
				CLANG_ENABLE_MODULES = YES;
				CLANG_ENABLE_OBJC_ARC = YES;
				CLANG_ENABLE_OBJC_WEAK = YES;
				CLANG_WARN_BLOCK_CAPTURE_AUTORELEASING = YES;
				CLANG_WARN_BOOL_CONVERSION = YES;
				CLANG_WARN_COMMA = YES;
				CLANG_WARN_CONSTANT_CONVERSION = YES;
				CLANG_WARN_DEPRECATED_OBJC_IMPLEMENTATIONS = YES;
				CLANG_WARN_DIRECT_OBJC_ISA_USAGE = YES_ERROR;
				CLANG_WARN_DOCUMENTATION_COMMENTS = YES;
				CLANG_WARN_EMPTY_BODY = YES;
				CLANG_WARN_ENUM_CONVERSION = YES;
				CLANG_WARN_INFINITE_RECURSION = YES;
				CLANG_WARN_INT_CONVERSION = YES;
				CLANG_WARN_NON_LITERAL_NULL_CONVERSION = YES;
				CLANG_WARN_OBJC_IMPLICIT_RETAIN_SELF = YES;
				CLANG_WARN_OBJC_LITERAL_CONVERSION = YES;
				CLANG_WARN_OBJC_ROOT_CLASS = YES_ERROR;
				CLANG_WARN_QUOTED_INCLUDE_IN_FRAMEWORK_HEADER = YES;
				CLANG_WARN_RANGE_LOOP_ANALYSIS = YES;
				CLANG_WARN_STRICT_PROTOTYPES = YES;
				CLANG_WARN_SUSPICIOUS_MOVE = YES;
				CLANG_WARN_UNGUARDED_AVAILABILITY = YES_AGGRESSIVE;
				CLANG_WARN_UNREACHABLE_CODE = YES;
				CLANG_WARN__DUPLICATE_METHOD_MATCH = YES;
				COPY_PHASE_STRIP = NO;
				DEBUG_INFORMATION_FORMAT = dwarf;
				DEVELOPMENT_TEAM = 4FCV7BL65G;
				ENABLE_STRICT_OBJC_MSGSEND = YES;
				ENABLE_TESTABILITY = YES;
				ENABLE_USER_SCRIPT_SANDBOXING = YES;
				GCC_C_LANGUAGE_STANDARD = gnu17;
				GCC_DYNAMIC_NO_PIC = NO;
				GCC_NO_COMMON_BLOCKS = YES;
				GCC_OPTIMIZATION_LEVEL = 0;
				GCC_PREPROCESSOR_DEFINITIONS = (
					"DEBUG=1",
					"$(inherited)",
				);
				GCC_WARN_64_TO_32_BIT_CONVERSION = YES;
				GCC_WARN_ABOUT_RETURN_TYPE = YES_ERROR;
				GCC_WARN_UNDECLARED_SELECTOR = YES;
				GCC_WARN_UNINITIALIZED_AUTOS = YES_AGGRESSIVE;
				GCC_WARN_UNUSED_FUNCTION = YES;
				GCC_WARN_UNUSED_VARIABLE = YES;
				LOCALIZATION_PREFERS_STRING_CATALOGS = YES;
				MTL_ENABLE_DEBUG_INFO = INCLUDE_SOURCE;
				MTL_FAST_MATH = YES;
				ONLY_ACTIVE_ARCH = YES;
				SDKROOT = xros;
				SWIFT_ACTIVE_COMPILATION_CONDITIONS = "DEBUG $(inherited)";
				SWIFT_OPTIMIZATION_LEVEL = "-Onone";
				XROS_DEPLOYMENT_TARGET = 26.0;
			};
			name = Debug;
		};
		145E0F6C2E9C0F3B00CE6C97 /* Release */ = {
			isa = XCBuildConfiguration;
			buildSettings = {
				ALWAYS_SEARCH_USER_PATHS = NO;
				ASSETCATALOG_COMPILER_GENERATE_SWIFT_ASSET_SYMBOL_EXTENSIONS = YES;
				CLANG_ANALYZER_NONNULL = YES;
				CLANG_ANALYZER_NUMBER_OBJECT_CONVERSION = YES_AGGRESSIVE;
				CLANG_CXX_LANGUAGE_STANDARD = "gnu++20";
				CLANG_ENABLE_MODULES = YES;
				CLANG_ENABLE_OBJC_ARC = YES;
				CLANG_ENABLE_OBJC_WEAK = YES;
				CLANG_WARN_BLOCK_CAPTURE_AUTORELEASING = YES;
				CLANG_WARN_BOOL_CONVERSION = YES;
				CLANG_WARN_COMMA = YES;
				CLANG_WARN_CONSTANT_CONVERSION = YES;
				CLANG_WARN_DEPRECATED_OBJC_IMPLEMENTATIONS = YES;
				CLANG_WARN_DIRECT_OBJC_ISA_USAGE = YES_ERROR;
				CLANG_WARN_DOCUMENTATION_COMMENTS = YES;
				CLANG_WARN_EMPTY_BODY = YES;
				CLANG_WARN_ENUM_CONVERSION = YES;
				CLANG_WARN_INFINITE_RECURSION = YES;
				CLANG_WARN_INT_CONVERSION = YES;
				CLANG_WARN_NON_LITERAL_NULL_CONVERSION = YES;
				CLANG_WARN_OBJC_IMPLICIT_RETAIN_SELF = YES;
				CLANG_WARN_OBJC_LITERAL_CONVERSION = YES;
				CLANG_WARN_OBJC_ROOT_CLASS = YES_ERROR;
				CLANG_WARN_QUOTED_INCLUDE_IN_FRAMEWORK_HEADER = YES;
				CLANG_WARN_RANGE_LOOP_ANALYSIS = YES;
				CLANG_WARN_STRICT_PROTOTYPES = YES;
				CLANG_WARN_SUSPICIOUS_MOVE = YES;
				CLANG_WARN_UNGUARDED_AVAILABILITY = YES_AGGRESSIVE;
				CLANG_WARN_UNREACHABLE_CODE = YES;
				CLANG_WARN__DUPLICATE_METHOD_MATCH = YES;
				COPY_PHASE_STRIP = NO;
				DEBUG_INFORMATION_FORMAT = "dwarf-with-dsym";
				DEVELOPMENT_TEAM = 4FCV7BL65G;
				ENABLE_NS_ASSERTIONS = NO;
				ENABLE_STRICT_OBJC_MSGSEND = YES;
				ENABLE_USER_SCRIPT_SANDBOXING = YES;
				GCC_C_LANGUAGE_STANDARD = gnu17;
				GCC_NO_COMMON_BLOCKS = YES;
				GCC_WARN_64_TO_32_BIT_CONVERSION = YES;
				GCC_WARN_ABOUT_RETURN_TYPE = YES_ERROR;
				GCC_WARN_UNDECLARED_SELECTOR = YES;
				GCC_WARN_UNINITIALIZED_AUTOS = YES_AGGRESSIVE;
				GCC_WARN_UNUSED_FUNCTION = YES;
				GCC_WARN_UNUSED_VARIABLE = YES;
				LOCALIZATION_PREFERS_STRING_CATALOGS = YES;
				MTL_ENABLE_DEBUG_INFO = NO;
				MTL_FAST_MATH = YES;
				SDKROOT = xros;
				SWIFT_COMPILATION_MODE = wholemodule;
				VALIDATE_PRODUCT = YES;
				XROS_DEPLOYMENT_TARGET = 26.0;
			};
			name = Release;
		};
		145E0F6E2E9C0F3B00CE6C97 /* Debug */ = {
			isa = XCBuildConfiguration;
			buildSettings = {
				BUNDLE_LOADER = "$(TEST_HOST)";
				CODE_SIGN_STYLE = Automatic;
				CURRENT_PROJECT_VERSION = 1;
				DEVELOPMENT_TEAM = 4FCV7BL65G;
				GENERATE_INFOPLIST_FILE = YES;
				MARKETING_VERSION = 1.0;
				PRODUCT_BUNDLE_IDENTIFIER = com.television.hippo.visionTests;
				PRODUCT_NAME = "$(TARGET_NAME)";
				STRING_CATALOG_GENERATE_SYMBOLS = NO;
				SUPPORTED_PLATFORMS = "xros xrsimulator";
				SWIFT_APPROACHABLE_CONCURRENCY = YES;
				SWIFT_EMIT_LOC_STRINGS = NO;
				SWIFT_UPCOMING_FEATURE_MEMBER_IMPORT_VISIBILITY = YES;
				SWIFT_VERSION = 5.0;
				TARGETED_DEVICE_FAMILY = 7;
				TEST_HOST = "$(BUILT_PRODUCTS_DIR)/Hippo.app/$(BUNDLE_EXECUTABLE_FOLDER_PATH)/Hippo";
				XROS_DEPLOYMENT_TARGET = 26.0;
			};
			name = Debug;
		};
		145E0F6F2E9C0F3B00CE6C97 /* Release */ = {
			isa = XCBuildConfiguration;
			buildSettings = {
				BUNDLE_LOADER = "$(TEST_HOST)";
				CODE_SIGN_STYLE = Automatic;
				CURRENT_PROJECT_VERSION = 1;
				DEVELOPMENT_TEAM = 4FCV7BL65G;
				GENERATE_INFOPLIST_FILE = YES;
				MARKETING_VERSION = 1.0;
				PRODUCT_BUNDLE_IDENTIFIER = com.television.hippo.visionTests;
				PRODUCT_NAME = "$(TARGET_NAME)";
				STRING_CATALOG_GENERATE_SYMBOLS = NO;
				SUPPORTED_PLATFORMS = "xros xrsimulator";
				SWIFT_APPROACHABLE_CONCURRENCY = YES;
				SWIFT_EMIT_LOC_STRINGS = NO;
				SWIFT_UPCOMING_FEATURE_MEMBER_IMPORT_VISIBILITY = YES;
				SWIFT_VERSION = 5.0;
				TARGETED_DEVICE_FAMILY = 7;
				TEST_HOST = "$(BUILT_PRODUCTS_DIR)/Hippo.app/$(BUNDLE_EXECUTABLE_FOLDER_PATH)/Hippo";
				XROS_DEPLOYMENT_TARGET = 26.0;
			};
			name = Release;
		};
		C05F322F2E9FF304009C5974 /* Debug */ = {
			isa = XCBuildConfiguration;
			buildSettings = {
				ASSETCATALOG_COMPILER_APPICON_NAME = AppIcon;
				ASSETCATALOG_COMPILER_GLOBAL_ACCENT_COLOR_NAME = AccentColor;
				CODE_SIGN_STYLE = Automatic;
				COMBINE_HIDPI_IMAGES = YES;
				CURRENT_PROJECT_VERSION = 1;
				DEVELOPMENT_TEAM = "";
				ENABLE_APP_SANDBOX = YES;
				ENABLE_HARDENED_RUNTIME = YES;
				ENABLE_PREVIEWS = YES;
				ENABLE_USER_SELECTED_FILES = readonly;
				GENERATE_INFOPLIST_FILE = YES;
				INFOPLIST_FILE = "$(SRCROOT)/Hippo/Applications/MacApp/Info.plist";
				INFOPLIST_KEY_NSHumanReadableCopyright = "";
				LD_RUNPATH_SEARCH_PATHS = (
					"$(inherited)",
					"@executable_path/../Frameworks",
				);
				MACOSX_DEPLOYMENT_TARGET = 26.0;
				MARKETING_VERSION = 1.0;
				PRODUCT_BUNDLE_IDENTIFIER = com.television.hippo.mac;
				PRODUCT_NAME = "$(TARGET_NAME)";
				REGISTER_APP_GROUPS = YES;
				SDKROOT = macosx;
				STRING_CATALOG_GENERATE_SYMBOLS = YES;
				SWIFT_APPROACHABLE_CONCURRENCY = YES;
				SWIFT_DEFAULT_ACTOR_ISOLATION = MainActor;
				SWIFT_EMIT_LOC_STRINGS = YES;
				SWIFT_UPCOMING_FEATURE_MEMBER_IMPORT_VISIBILITY = YES;
				SWIFT_VERSION = 5.0;
			};
			name = Debug;
		};
		C05F32302E9FF304009C5974 /* Release */ = {
			isa = XCBuildConfiguration;
			buildSettings = {
				ASSETCATALOG_COMPILER_APPICON_NAME = AppIcon;
				ASSETCATALOG_COMPILER_GLOBAL_ACCENT_COLOR_NAME = AccentColor;
				CODE_SIGN_STYLE = Automatic;
				COMBINE_HIDPI_IMAGES = YES;
				CURRENT_PROJECT_VERSION = 1;
				DEVELOPMENT_TEAM = "";
				ENABLE_APP_SANDBOX = YES;
				ENABLE_HARDENED_RUNTIME = YES;
				ENABLE_PREVIEWS = YES;
				ENABLE_USER_SELECTED_FILES = readonly;
				GENERATE_INFOPLIST_FILE = YES;
				INFOPLIST_FILE = "$(SRCROOT)/Hippo/Applications/MacApp/Info.plist";
				INFOPLIST_KEY_NSHumanReadableCopyright = "";
				LD_RUNPATH_SEARCH_PATHS = (
					"$(inherited)",
					"@executable_path/../Frameworks",
				);
				MACOSX_DEPLOYMENT_TARGET = 26.0;
				MARKETING_VERSION = 1.0;
				PRODUCT_BUNDLE_IDENTIFIER = com.television.hippo.mac;
				PRODUCT_NAME = "$(TARGET_NAME)";
				REGISTER_APP_GROUPS = YES;
				SDKROOT = macosx;
				STRING_CATALOG_GENERATE_SYMBOLS = YES;
				SWIFT_APPROACHABLE_CONCURRENCY = YES;
				SWIFT_DEFAULT_ACTOR_ISOLATION = MainActor;
				SWIFT_EMIT_LOC_STRINGS = YES;
				SWIFT_UPCOMING_FEATURE_MEMBER_IMPORT_VISIBILITY = YES;
				SWIFT_VERSION = 5.0;
			};
			name = Release;
		};
/* End XCBuildConfiguration section */

/* Begin XCConfigurationList section */
		145E0F482E9C0F3900CE6C97 /* Build configuration list for PBXProject "Hippo" */ = {
			isa = XCConfigurationList;
			buildConfigurations = (
				145E0F6B2E9C0F3B00CE6C97 /* Debug */,
				145E0F6C2E9C0F3B00CE6C97 /* Release */,
			);
			defaultConfigurationIsVisible = 0;
			defaultConfigurationName = Release;
		};
		145E0F682E9C0F3B00CE6C97 /* Build configuration list for PBXNativeTarget "HippoVision" */ = {
			isa = XCConfigurationList;
			buildConfigurations = (
				145E0F692E9C0F3B00CE6C97 /* Debug */,
				145E0F6A2E9C0F3B00CE6C97 /* Release */,
			);
			defaultConfigurationIsVisible = 0;
			defaultConfigurationName = Release;
		};
		145E0F6D2E9C0F3B00CE6C97 /* Build configuration list for PBXNativeTarget "HippoVisionTests" */ = {
			isa = XCConfigurationList;
			buildConfigurations = (
				145E0F6E2E9C0F3B00CE6C97 /* Debug */,
				145E0F6F2E9C0F3B00CE6C97 /* Release */,
			);
			defaultConfigurationIsVisible = 0;
			defaultConfigurationName = Release;
		};
		C05F322E2E9FF304009C5974 /* Build configuration list for PBXNativeTarget "HippoMac" */ = {
			isa = XCConfigurationList;
			buildConfigurations = (
				C05F322F2E9FF304009C5974 /* Debug */,
				C05F32302E9FF304009C5974 /* Release */,
			);
			defaultConfigurationIsVisible = 0;
			defaultConfigurationName = Release;
		};
/* End XCConfigurationList section */

/* Begin XCRemoteSwiftPackageReference section */
		C04677B72EA006FB00D160DA /* XCRemoteSwiftPackageReference "swift-dependencies" */ = {
			isa = XCRemoteSwiftPackageReference;
			repositoryURL = "https://github.com/pointfreeco/swift-dependencies";
			requirement = {
				kind = upToNextMajorVersion;
				minimumVersion = 1.10.0;
			};
		};
/* End XCRemoteSwiftPackageReference section */

/* Begin XCSwiftPackageProductDependency section */
		146F102C2EA3AD1500DDDC35 /* HippoAssets */ = {
			isa = XCSwiftPackageProductDependency;
			productName = HippoAssets;
		};
		C04677B82EA006FB00D160DA /* Dependencies */ = {
			isa = XCSwiftPackageProductDependency;
			package = C04677B72EA006FB00D160DA /* XCRemoteSwiftPackageReference "swift-dependencies" */;
			productName = Dependencies;
		};
		C04677BA2EA006FB00D160DA /* DependenciesTestSupport */ = {
			isa = XCSwiftPackageProductDependency;
			package = C04677B72EA006FB00D160DA /* XCRemoteSwiftPackageReference "swift-dependencies" */;
			productName = DependenciesTestSupport;
		};
		C04677BC2EA0070D00D160DA /* Dependencies */ = {
			isa = XCSwiftPackageProductDependency;
			package = C04677B72EA006FB00D160DA /* XCRemoteSwiftPackageReference "swift-dependencies" */;
			productName = Dependencies;
		};
/* End XCSwiftPackageProductDependency section */
	};
	rootObject = 145E0F452E9C0F3900CE6C97 /* Project object */;
}
